// !$*UTF8*$!
{
	archiveVersion = 1;
	classes = {
	};
	objectVersion = 50;
	objects = {

/* Begin PBXBuildFile section */
		C700DD978286060FA3CC5E25 /* Pods_VetCare.framework in Frameworks */ = {isa = PBXBuildFile; fileRef = A349BE31A8ED09DE05870C66 /* Pods_VetCare.framework */; };
		CC0540142094DBDA00C39CC6 /* AnimalsViewController.swift in Sources */ = {isa = PBXBuildFile; fileRef = CC0540132094DBDA00C39CC6 /* AnimalsViewController.swift */; };
		CC0540162094DC9400C39CC6 /* AnimalViewCell.swift in Sources */ = {isa = PBXBuildFile; fileRef = CC0540152094DC9400C39CC6 /* AnimalViewCell.swift */; };
		CC16DEFD209496E7000E7F09 /* GoogleService-Info.plist in Resources */ = {isa = PBXBuildFile; fileRef = CC16DEFC209496E7000E7F09 /* GoogleService-Info.plist */; };
		CC941B402093D1890097EDA9 /* LoginViewController.swift in Sources */ = {isa = PBXBuildFile; fileRef = CC941B3F2093D1890097EDA9 /* LoginViewController.swift */; };
		CC942F7D2097644400CAC241 /* ProfileTableViewCell.swift in Sources */ = {isa = PBXBuildFile; fileRef = CC942F7C2097644400CAC241 /* ProfileTableViewCell.swift */; };
		CCAE2CA02091DC780013A6BE /* AppDelegate.swift in Sources */ = {isa = PBXBuildFile; fileRef = CCAE2C9F2091DC780013A6BE /* AppDelegate.swift */; };
		CCAE2CA52091DC780013A6BE /* Main.storyboard in Resources */ = {isa = PBXBuildFile; fileRef = CCAE2CA32091DC780013A6BE /* Main.storyboard */; };
		CCAE2CA82091DC780013A6BE /* VetCare.xcdatamodeld in Sources */ = {isa = PBXBuildFile; fileRef = CCAE2CA62091DC780013A6BE /* VetCare.xcdatamodeld */; };
		CCAE2CAD2091DC7A0013A6BE /* LaunchScreen.storyboard in Resources */ = {isa = PBXBuildFile; fileRef = CCAE2CAB2091DC7A0013A6BE /* LaunchScreen.storyboard */; };
		CCAE2CB52091E22A0013A6BE /* MainController.swift in Sources */ = {isa = PBXBuildFile; fileRef = CCAE2CB42091E22A0013A6BE /* MainController.swift */; };
		CCD976682096052300DD29D0 /* Assets.xcassets in Resources */ = {isa = PBXBuildFile; fileRef = CCD976672096052300DD29D0 /* Assets.xcassets */; };
		CCD9766A209617B800DD29D0 /* ProfileViewController.swift in Sources */ = {isa = PBXBuildFile; fileRef = CCD97669209617B800DD29D0 /* ProfileViewController.swift */; };
		CCD9766C209617D500DD29D0 /* AddAnimalViewController.swift in Sources */ = {isa = PBXBuildFile; fileRef = CCD9766B209617D500DD29D0 /* AddAnimalViewController.swift */; };
/* End PBXBuildFile section */

/* Begin PBXFileReference section */
		A349BE31A8ED09DE05870C66 /* Pods_VetCare.framework */ = {isa = PBXFileReference; explicitFileType = wrapper.framework; includeInIndex = 0; path = Pods_VetCare.framework; sourceTree = BUILT_PRODUCTS_DIR; };
		C4A551B8F654B57AD40E520D /* Pods-VetCare.debug.xcconfig */ = {isa = PBXFileReference; includeInIndex = 1; lastKnownFileType = text.xcconfig; name = "Pods-VetCare.debug.xcconfig"; path = "Pods/Target Support Files/Pods-VetCare/Pods-VetCare.debug.xcconfig"; sourceTree = "<group>"; };
		CC0540132094DBDA00C39CC6 /* AnimalsViewController.swift */ = {isa = PBXFileReference; lastKnownFileType = sourcecode.swift; path = AnimalsViewController.swift; sourceTree = "<group>"; };
		CC0540152094DC9400C39CC6 /* AnimalViewCell.swift */ = {isa = PBXFileReference; lastKnownFileType = sourcecode.swift; path = AnimalViewCell.swift; sourceTree = "<group>"; };
		CC16DEFC209496E7000E7F09 /* GoogleService-Info.plist */ = {isa = PBXFileReference; fileEncoding = 4; lastKnownFileType = text.plist.xml; name = "GoogleService-Info.plist"; path = "../../../../../Downloads/GoogleService-Info.plist"; sourceTree = "<group>"; };
		CC941B3F2093D1890097EDA9 /* LoginViewController.swift */ = {isa = PBXFileReference; lastKnownFileType = sourcecode.swift; path = LoginViewController.swift; sourceTree = "<group>"; };
		CC942F7C2097644400CAC241 /* ProfileTableViewCell.swift */ = {isa = PBXFileReference; lastKnownFileType = sourcecode.swift; path = ProfileTableViewCell.swift; sourceTree = "<group>"; };
		CCAE2C9C2091DC780013A6BE /* VetCare.app */ = {isa = PBXFileReference; explicitFileType = wrapper.application; includeInIndex = 0; path = VetCare.app; sourceTree = BUILT_PRODUCTS_DIR; };
		CCAE2C9F2091DC780013A6BE /* AppDelegate.swift */ = {isa = PBXFileReference; lastKnownFileType = sourcecode.swift; path = AppDelegate.swift; sourceTree = "<group>"; };
		CCAE2CA42091DC780013A6BE /* Base */ = {isa = PBXFileReference; lastKnownFileType = file.storyboard; name = Base; path = Base.lproj/Main.storyboard; sourceTree = "<group>"; };
		CCAE2CA72091DC780013A6BE /* VetCare.xcdatamodel */ = {isa = PBXFileReference; lastKnownFileType = wrapper.xcdatamodel; path = VetCare.xcdatamodel; sourceTree = "<group>"; };
		CCAE2CAC2091DC7A0013A6BE /* Base */ = {isa = PBXFileReference; lastKnownFileType = file.storyboard; name = Base; path = Base.lproj/LaunchScreen.storyboard; sourceTree = "<group>"; };
		CCAE2CAE2091DC7A0013A6BE /* Info.plist */ = {isa = PBXFileReference; lastKnownFileType = text.plist.xml; path = Info.plist; sourceTree = "<group>"; };
		CCAE2CB42091E22A0013A6BE /* MainController.swift */ = {isa = PBXFileReference; lastKnownFileType = sourcecode.swift; path = MainController.swift; sourceTree = "<group>"; };
		CCD976672096052300DD29D0 /* Assets.xcassets */ = {isa = PBXFileReference; lastKnownFileType = folder.assetcatalog; path = Assets.xcassets; sourceTree = "<group>"; };
		CCD97669209617B800DD29D0 /* ProfileViewController.swift */ = {isa = PBXFileReference; lastKnownFileType = sourcecode.swift; path = ProfileViewController.swift; sourceTree = "<group>"; };
		CCD9766B209617D500DD29D0 /* AddAnimalViewController.swift */ = {isa = PBXFileReference; lastKnownFileType = sourcecode.swift; path = AddAnimalViewController.swift; sourceTree = "<group>"; };
		DC08787151D843D3FA13187F /* Pods-VetCare.release.xcconfig */ = {isa = PBXFileReference; includeInIndex = 1; lastKnownFileType = text.xcconfig; name = "Pods-VetCare.release.xcconfig"; path = "Pods/Target Support Files/Pods-VetCare/Pods-VetCare.release.xcconfig"; sourceTree = "<group>"; };
/* End PBXFileReference section */

/* Begin PBXFrameworksBuildPhase section */
		CCAE2C992091DC780013A6BE /* Frameworks */ = {
			isa = PBXFrameworksBuildPhase;
			buildActionMask = 2147483647;
			files = (
				C700DD978286060FA3CC5E25 /* Pods_VetCare.framework in Frameworks */,
			);
			runOnlyForDeploymentPostprocessing = 0;
		};
/* End PBXFrameworksBuildPhase section */

/* Begin PBXGroup section */
		3D28D4FE5C41EAF39E645C53 /* Frameworks */ = {
			isa = PBXGroup;
			children = (
				A349BE31A8ED09DE05870C66 /* Pods_VetCare.framework */,
			);
			name = Frameworks;
			sourceTree = "<group>";
		};
		CCAE2C932091DC770013A6BE = {
			isa = PBXGroup;
			children = (
				CCAE2C9E2091DC780013A6BE /* VetCare */,
				CCAE2C9D2091DC780013A6BE /* Products */,
				DA5F86621566D3921ED5CA77 /* Pods */,
				3D28D4FE5C41EAF39E645C53 /* Frameworks */,
			);
			sourceTree = "<group>";
		};
		CCAE2C9D2091DC780013A6BE /* Products */ = {
			isa = PBXGroup;
			children = (
				CCAE2C9C2091DC780013A6BE /* VetCare.app */,
			);
			name = Products;
			sourceTree = "<group>";
		};
		CCAE2C9E2091DC780013A6BE /* VetCare */ = {
			isa = PBXGroup;
			children = (
				CCAE2C9F2091DC780013A6BE /* AppDelegate.swift */,
				CC941B3F2093D1890097EDA9 /* LoginViewController.swift */,
				CCAE2CB42091E22A0013A6BE /* MainController.swift */,
				CC0540132094DBDA00C39CC6 /* AnimalsViewController.swift */,
				CC0540152094DC9400C39CC6 /* AnimalViewCell.swift */,
				CCD97669209617B800DD29D0 /* ProfileViewController.swift */,
				CC942F7C2097644400CAC241 /* ProfileTableViewCell.swift */,
				CCD9766B209617D500DD29D0 /* AddAnimalViewController.swift */,
				CCAE2CA32091DC780013A6BE /* Main.storyboard */,
				CCAE2CAB2091DC7A0013A6BE /* LaunchScreen.storyboard */,
				CCD976672096052300DD29D0 /* Assets.xcassets */,
				CCAE2CAE2091DC7A0013A6BE /* Info.plist */,
				CCAE2CA62091DC780013A6BE /* VetCare.xcdatamodeld */,
				CC16DEFC209496E7000E7F09 /* GoogleService-Info.plist */,
			);
			path = VetCare;
			sourceTree = "<group>";
		};
		DA5F86621566D3921ED5CA77 /* Pods */ = {
			isa = PBXGroup;
			children = (
				C4A551B8F654B57AD40E520D /* Pods-VetCare.debug.xcconfig */,
				DC08787151D843D3FA13187F /* Pods-VetCare.release.xcconfig */,
			);
			name = Pods;
			sourceTree = "<group>";
		};
/* End PBXGroup section */

/* Begin PBXNativeTarget section */
		CCAE2C9B2091DC780013A6BE /* VetCare */ = {
			isa = PBXNativeTarget;
			buildConfigurationList = CCAE2CB12091DC7A0013A6BE /* Build configuration list for PBXNativeTarget "VetCare" */;
			buildPhases = (
				54DE4B4571BB0AF84FF3CAB9 /* [CP] Check Pods Manifest.lock */,
				CCAE2C982091DC780013A6BE /* Sources */,
				CCAE2C992091DC780013A6BE /* Frameworks */,
				CCAE2C9A2091DC780013A6BE /* Resources */,
				ED3F9B9E31830D635B796F6F /* [CP] Embed Pods Frameworks */,
			);
			buildRules = (
			);
			dependencies = (
			);
			name = VetCare;
			productName = VetCare;
			productReference = CCAE2C9C2091DC780013A6BE /* VetCare.app */;
			productType = "com.apple.product-type.application";
		};
/* End PBXNativeTarget section */

/* Begin PBXProject section */
		CCAE2C942091DC770013A6BE /* Project object */ = {
			isa = PBXProject;
			attributes = {
				LastSwiftUpdateCheck = 0930;
				LastUpgradeCheck = 0930;
				ORGANIZATIONNAME = raquelramos;
				TargetAttributes = {
					CCAE2C9B2091DC780013A6BE = {
						CreatedOnToolsVersion = 9.3;
					};
				};
			};
			buildConfigurationList = CCAE2C972091DC770013A6BE /* Build configuration list for PBXProject "VetCare" */;
			compatibilityVersion = "Xcode 9.3";
			developmentRegion = en;
			hasScannedForEncodings = 0;
			knownRegions = (
				en,
				Base,
			);
			mainGroup = CCAE2C932091DC770013A6BE;
			productRefGroup = CCAE2C9D2091DC780013A6BE /* Products */;
			projectDirPath = "";
			projectRoot = "";
			targets = (
				CCAE2C9B2091DC780013A6BE /* VetCare */,
			);
		};
/* End PBXProject section */

/* Begin PBXResourcesBuildPhase section */
		CCAE2C9A2091DC780013A6BE /* Resources */ = {
			isa = PBXResourcesBuildPhase;
			buildActionMask = 2147483647;
			files = (
				CCAE2CAD2091DC7A0013A6BE /* LaunchScreen.storyboard in Resources */,
				CC16DEFD209496E7000E7F09 /* GoogleService-Info.plist in Resources */,
				CCD976682096052300DD29D0 /* Assets.xcassets in Resources */,
				CCAE2CA52091DC780013A6BE /* Main.storyboard in Resources */,
			);
			runOnlyForDeploymentPostprocessing = 0;
		};
/* End PBXResourcesBuildPhase section */

/* Begin PBXShellScriptBuildPhase section */
		54DE4B4571BB0AF84FF3CAB9 /* [CP] Check Pods Manifest.lock */ = {
			isa = PBXShellScriptBuildPhase;
			buildActionMask = 2147483647;
			files = (
			);
			inputPaths = (
				"${PODS_PODFILE_DIR_PATH}/Podfile.lock",
				"${PODS_ROOT}/Manifest.lock",
			);
			name = "[CP] Check Pods Manifest.lock";
			outputPaths = (
				"$(DERIVED_FILE_DIR)/Pods-VetCare-checkManifestLockResult.txt",
			);
			runOnlyForDeploymentPostprocessing = 0;
			shellPath = /bin/sh;
			shellScript = "diff \"${PODS_PODFILE_DIR_PATH}/Podfile.lock\" \"${PODS_ROOT}/Manifest.lock\" > /dev/null\nif [ $? != 0 ] ; then\n    # print error to STDERR\n    echo \"error: The sandbox is not in sync with the Podfile.lock. Run 'pod install' or update your CocoaPods installation.\" >&2\n    exit 1\nfi\n# This output is used by Xcode 'outputs' to avoid re-running this script phase.\necho \"SUCCESS\" > \"${SCRIPT_OUTPUT_FILE_0}\"\n";
			showEnvVarsInLog = 0;
		};
		ED3F9B9E31830D635B796F6F /* [CP] Embed Pods Frameworks */ = {
			isa = PBXShellScriptBuildPhase;
			buildActionMask = 2147483647;
			files = (
			);
			inputPaths = (
				"${SRCROOT}/Pods/Target Support Files/Pods-VetCare/Pods-VetCare-frameworks.sh",
				"${BUILT_PRODUCTS_DIR}/GTMSessionFetcher/GTMSessionFetcher.framework",
				"${BUILT_PRODUCTS_DIR}/GoogleToolboxForMac/GoogleToolboxForMac.framework",
				"${BUILT_PRODUCTS_DIR}/nanopb/nanopb.framework",
			);
			name = "[CP] Embed Pods Frameworks";
			outputPaths = (
				"${TARGET_BUILD_DIR}/${FRAMEWORKS_FOLDER_PATH}/GTMSessionFetcher.framework",
				"${TARGET_BUILD_DIR}/${FRAMEWORKS_FOLDER_PATH}/GoogleToolboxForMac.framework",
				"${TARGET_BUILD_DIR}/${FRAMEWORKS_FOLDER_PATH}/nanopb.framework",
			);
			runOnlyForDeploymentPostprocessing = 0;
			shellPath = /bin/sh;
			shellScript = "\"${SRCROOT}/Pods/Target Support Files/Pods-VetCare/Pods-VetCare-frameworks.sh\"\n";
			showEnvVarsInLog = 0;
		};
/* End PBXShellScriptBuildPhase section */

/* Begin PBXSourcesBuildPhase section */
		CCAE2C982091DC780013A6BE /* Sources */ = {
			isa = PBXSourcesBuildPhase;
			buildActionMask = 2147483647;
			files = (
				CC0540142094DBDA00C39CC6 /* AnimalsViewController.swift in Sources */,
				CC941B402093D1890097EDA9 /* LoginViewController.swift in Sources */,
				CCD9766C209617D500DD29D0 /* AddAnimalViewController.swift in Sources */,
				CC942F7D2097644400CAC241 /* ProfileTableViewCell.swift in Sources */,
				CC0540162094DC9400C39CC6 /* AnimalViewCell.swift in Sources */,
				CCAE2CA82091DC780013A6BE /* VetCare.xcdatamodeld in Sources */,
				CCD9766A209617B800DD29D0 /* ProfileViewController.swift in Sources */,
				CCAE2CB52091E22A0013A6BE /* MainController.swift in Sources */,
				CCAE2CA02091DC780013A6BE /* AppDelegate.swift in Sources */,
			);
			runOnlyForDeploymentPostprocessing = 0;
		};
/* End PBXSourcesBuildPhase section */

/* Begin PBXVariantGroup section */
		CCAE2CA32091DC780013A6BE /* Main.storyboard */ = {
			isa = PBXVariantGroup;
			children = (
				CCAE2CA42091DC780013A6BE /* Base */,
			);
			name = Main.storyboard;
			sourceTree = "<group>";
		};
		CCAE2CAB2091DC7A0013A6BE /* LaunchScreen.storyboard */ = {
			isa = PBXVariantGroup;
			children = (
				CCAE2CAC2091DC7A0013A6BE /* Base */,
			);
			name = LaunchScreen.storyboard;
			sourceTree = "<group>";
		};
/* End PBXVariantGroup section */

/* Begin XCBuildConfiguration section */
		CCAE2CAF2091DC7A0013A6BE /* Debug */ = {
			isa = XCBuildConfiguration;
			buildSettings = {
				ALWAYS_SEARCH_USER_PATHS = NO;
				CLANG_ANALYZER_NONNULL = YES;
				CLANG_ANALYZER_NUMBER_OBJECT_CONVERSION = YES_AGGRESSIVE;
				CLANG_CXX_LANGUAGE_STANDARD = "gnu++14";
				CLANG_CXX_LIBRARY = "libc++";
				CLANG_ENABLE_MODULES = YES;
				CLANG_ENABLE_OBJC_ARC = YES;
				CLANG_ENABLE_OBJC_WEAK = YES;
				CLANG_WARN_BLOCK_CAPTURE_AUTORELEASING = YES;
				CLANG_WARN_BOOL_CONVERSION = YES;
				CLANG_WARN_COMMA = YES;
				CLANG_WARN_CONSTANT_CONVERSION = YES;
				CLANG_WARN_DEPRECATED_OBJC_IMPLEMENTATIONS = YES;
				CLANG_WARN_DIRECT_OBJC_ISA_USAGE = YES_ERROR;
				CLANG_WARN_DOCUMENTATION_COMMENTS = YES;
				CLANG_WARN_EMPTY_BODY = YES;
				CLANG_WARN_ENUM_CONVERSION = YES;
				CLANG_WARN_INFINITE_RECURSION = YES;
				CLANG_WARN_INT_CONVERSION = YES;
				CLANG_WARN_NON_LITERAL_NULL_CONVERSION = YES;
				CLANG_WARN_OBJC_IMPLICIT_RETAIN_SELF = YES;
				CLANG_WARN_OBJC_LITERAL_CONVERSION = YES;
				CLANG_WARN_OBJC_ROOT_CLASS = YES_ERROR;
				CLANG_WARN_RANGE_LOOP_ANALYSIS = YES;
				CLANG_WARN_STRICT_PROTOTYPES = YES;
				CLANG_WARN_SUSPICIOUS_MOVE = YES;
				CLANG_WARN_UNGUARDED_AVAILABILITY = YES_AGGRESSIVE;
				CLANG_WARN_UNREACHABLE_CODE = YES;
				CLANG_WARN__DUPLICATE_METHOD_MATCH = YES;
				CODE_SIGN_IDENTITY = "iPhone Developer";
				COPY_PHASE_STRIP = NO;
				DEBUG_INFORMATION_FORMAT = dwarf;
				ENABLE_STRICT_OBJC_MSGSEND = YES;
				ENABLE_TESTABILITY = YES;
				GCC_C_LANGUAGE_STANDARD = gnu11;
				GCC_DYNAMIC_NO_PIC = NO;
				GCC_NO_COMMON_BLOCKS = YES;
				GCC_OPTIMIZATION_LEVEL = 0;
				GCC_PREPROCESSOR_DEFINITIONS = (
					"DEBUG=1",
					"$(inherited)",
				);
				GCC_WARN_64_TO_32_BIT_CONVERSION = YES;
				GCC_WARN_ABOUT_RETURN_TYPE = YES_ERROR;
				GCC_WARN_UNDECLARED_SELECTOR = YES;
				GCC_WARN_UNINITIALIZED_AUTOS = YES_AGGRESSIVE;
				GCC_WARN_UNUSED_FUNCTION = YES;
				GCC_WARN_UNUSED_VARIABLE = YES;
				IPHONEOS_DEPLOYMENT_TARGET = 11.3;
				MTL_ENABLE_DEBUG_INFO = YES;
				ONLY_ACTIVE_ARCH = YES;
				SDKROOT = iphoneos;
				SWIFT_ACTIVE_COMPILATION_CONDITIONS = DEBUG;
				SWIFT_OPTIMIZATION_LEVEL = "-Onone";
			};
			name = Debug;
		};
		CCAE2CB02091DC7A0013A6BE /* Release */ = {
			isa = XCBuildConfiguration;
			buildSettings = {
				ALWAYS_SEARCH_USER_PATHS = NO;
				CLANG_ANALYZER_NONNULL = YES;
				CLANG_ANALYZER_NUMBER_OBJECT_CONVERSION = YES_AGGRESSIVE;
				CLANG_CXX_LANGUAGE_STANDARD = "gnu++14";
				CLANG_CXX_LIBRARY = "libc++";
				CLANG_ENABLE_MODULES = YES;
				CLANG_ENABLE_OBJC_ARC = YES;
				CLANG_ENABLE_OBJC_WEAK = YES;
				CLANG_WARN_BLOCK_CAPTURE_AUTORELEASING = YES;
				CLANG_WARN_BOOL_CONVERSION = YES;
				CLANG_WARN_COMMA = YES;
				CLANG_WARN_CONSTANT_CONVERSION = YES;
				CLANG_WARN_DEPRECATED_OBJC_IMPLEMENTATIONS = YES;
				CLANG_WARN_DIRECT_OBJC_ISA_USAGE = YES_ERROR;
				CLANG_WARN_DOCUMENTATION_COMMENTS = YES;
				CLANG_WARN_EMPTY_BODY = YES;
				CLANG_WARN_ENUM_CONVERSION = YES;
				CLANG_WARN_INFINITE_RECURSION = YES;
				CLANG_WARN_INT_CONVERSION = YES;
				CLANG_WARN_NON_LITERAL_NULL_CONVERSION = YES;
				CLANG_WARN_OBJC_IMPLICIT_RETAIN_SELF = YES;
				CLANG_WARN_OBJC_LITERAL_CONVERSION = YES;
				CLANG_WARN_OBJC_ROOT_CLASS = YES_ERROR;
				CLANG_WARN_RANGE_LOOP_ANALYSIS = YES;
				CLANG_WARN_STRICT_PROTOTYPES = YES;
				CLANG_WARN_SUSPICIOUS_MOVE = YES;
				CLANG_WARN_UNGUARDED_AVAILABILITY = YES_AGGRESSIVE;
				CLANG_WARN_UNREACHABLE_CODE = YES;
				CLANG_WARN__DUPLICATE_METHOD_MATCH = YES;
				CODE_SIGN_IDENTITY = "iPhone Developer";
				COPY_PHASE_STRIP = NO;
				DEBUG_INFORMATION_FORMAT = "dwarf-with-dsym";
				ENABLE_NS_ASSERTIONS = NO;
				ENABLE_STRICT_OBJC_MSGSEND = YES;
				GCC_C_LANGUAGE_STANDARD = gnu11;
				GCC_NO_COMMON_BLOCKS = YES;
				GCC_WARN_64_TO_32_BIT_CONVERSION = YES;
				GCC_WARN_ABOUT_RETURN_TYPE = YES_ERROR;
				GCC_WARN_UNDECLARED_SELECTOR = YES;
				GCC_WARN_UNINITIALIZED_AUTOS = YES_AGGRESSIVE;
				GCC_WARN_UNUSED_FUNCTION = YES;
				GCC_WARN_UNUSED_VARIABLE = YES;
				IPHONEOS_DEPLOYMENT_TARGET = 11.3;
				MTL_ENABLE_DEBUG_INFO = NO;
				SDKROOT = iphoneos;
				SWIFT_COMPILATION_MODE = wholemodule;
				SWIFT_OPTIMIZATION_LEVEL = "-O";
				VALIDATE_PRODUCT = YES;
			};
			name = Release;
		};
		CCAE2CB22091DC7A0013A6BE /* Debug */ = {
			isa = XCBuildConfiguration;
			baseConfigurationReference = C4A551B8F654B57AD40E520D /* Pods-VetCare.debug.xcconfig */;
			buildSettings = {
				ASSETCATALOG_COMPILER_APPICON_NAME = AppIcon;
				CODE_SIGN_STYLE = Automatic;
				DEVELOPMENT_TEAM = PHQ37KZRYM;
				INFOPLIST_FILE = VetCare/Info.plist;
				IPHONEOS_DEPLOYMENT_TARGET = 10.3;
				LD_RUNPATH_SEARCH_PATHS = (
					"$(inherited)",
					"@executable_path/Frameworks",
				);
				PRODUCT_BUNDLE_IDENTIFIER = ua.VetCare;
				PRODUCT_NAME = "$(TARGET_NAME)";
				SWIFT_VERSION = 4.0;
				TARGETED_DEVICE_FAMILY = "1,2";
			};
			name = Debug;
		};
		CCAE2CB32091DC7A0013A6BE /* Release */ = {
			isa = XCBuildConfiguration;
			baseConfigurationReference = DC08787151D843D3FA13187F /* Pods-VetCare.release.xcconfig */;
			buildSettings = {
				ASSETCATALOG_COMPILER_APPICON_NAME = AppIcon;
				CODE_SIGN_STYLE = Automatic;
				DEVELOPMENT_TEAM = PHQ37KZRYM;
				INFOPLIST_FILE = VetCare/Info.plist;
				IPHONEOS_DEPLOYMENT_TARGET = 10.3;
				LD_RUNPATH_SEARCH_PATHS = (
					"$(inherited)",
					"@executable_path/Frameworks",
				);
				PRODUCT_BUNDLE_IDENTIFIER = ua.VetCare;
				PRODUCT_NAME = "$(TARGET_NAME)";
				SWIFT_VERSION = 4.0;
				TARGETED_DEVICE_FAMILY = "1,2";
			};
			name = Release;
		};
/* End XCBuildConfiguration section */

/* Begin XCConfigurationList section */
		CCAE2C972091DC770013A6BE /* Build configuration list for PBXProject "VetCare" */ = {
			isa = XCConfigurationList;
			buildConfigurations = (
				CCAE2CAF2091DC7A0013A6BE /* Debug */,
				CCAE2CB02091DC7A0013A6BE /* Release */,
			);
			defaultConfigurationIsVisible = 0;
			defaultConfigurationName = Release;
		};
		CCAE2CB12091DC7A0013A6BE /* Build configuration list for PBXNativeTarget "VetCare" */ = {
			isa = XCConfigurationList;
			buildConfigurations = (
				CCAE2CB22091DC7A0013A6BE /* Debug */,
				CCAE2CB32091DC7A0013A6BE /* Release */,
			);
			defaultConfigurationIsVisible = 0;
			defaultConfigurationName = Release;
		};
/* End XCConfigurationList section */

/* Begin XCVersionGroup section */
		CCAE2CA62091DC780013A6BE /* VetCare.xcdatamodeld */ = {
			isa = XCVersionGroup;
			children = (
				CCAE2CA72091DC780013A6BE /* VetCare.xcdatamodel */,
			);
			currentVersion = CCAE2CA72091DC780013A6BE /* VetCare.xcdatamodel */;
			path = VetCare.xcdatamodeld;
			sourceTree = "<group>";
			versionGroupType = wrapper.xcdatamodel;
		};
/* End XCVersionGroup section */
	};
	rootObject = CCAE2C942091DC770013A6BE /* Project object */;
}
