// !$*UTF8*$!
{
	archiveVersion = 1;
	classes = {
	};
	objectVersion = 50;
	objects = {

/* Begin PBXBuildFile section */
		CC9D5F7B2089FC6D00355F32 /* AppDelegate.swift in Sources */ = {isa = PBXBuildFile; fileRef = CC9D5F7A2089FC6D00355F32 /* AppDelegate.swift */; };
		CC9D5F7D2089FC6D00355F32 /* ViewController.swift in Sources */ = {isa = PBXBuildFile; fileRef = CC9D5F7C2089FC6D00355F32 /* ViewController.swift */; };
		CC9D5F802089FC6D00355F32 /* Main.storyboard in Resources */ = {isa = PBXBuildFile; fileRef = CC9D5F7E2089FC6D00355F32 /* Main.storyboard */; };
		CC9D5F822089FC6E00355F32 /* Assets.xcassets in Resources */ = {isa = PBXBuildFile; fileRef = CC9D5F812089FC6E00355F32 /* Assets.xcassets */; };
		CC9D5F852089FC6E00355F32 /* LaunchScreen.storyboard in Resources */ = {isa = PBXBuildFile; fileRef = CC9D5F832089FC6E00355F32 /* LaunchScreen.storyboard */; };
		CC9D5F902089FC6E00355F32 /* VetCareTests.swift in Sources */ = {isa = PBXBuildFile; fileRef = CC9D5F8F2089FC6E00355F32 /* VetCareTests.swift */; };
		CC9D5F9B2089FC6E00355F32 /* VetCareUITests.swift in Sources */ = {isa = PBXBuildFile; fileRef = CC9D5F9A2089FC6E00355F32 /* VetCareUITests.swift */; };
/* End PBXBuildFile section */

/* Begin PBXContainerItemProxy section */
		CC9D5F8C2089FC6E00355F32 /* PBXContainerItemProxy */ = {
			isa = PBXContainerItemProxy;
			containerPortal = CC9D5F6F2089FC6D00355F32 /* Project object */;
			proxyType = 1;
			remoteGlobalIDString = CC9D5F762089FC6D00355F32;
			remoteInfo = VetCare;
		};
		CC9D5F972089FC6E00355F32 /* PBXContainerItemProxy */ = {
			isa = PBXContainerItemProxy;
			containerPortal = CC9D5F6F2089FC6D00355F32 /* Project object */;
			proxyType = 1;
			remoteGlobalIDString = CC9D5F762089FC6D00355F32;
			remoteInfo = VetCare;
		};
/* End PBXContainerItemProxy section */

/* Begin PBXFileReference section */
		CC9D5F772089FC6D00355F32 /* VetCare.app */ = {isa = PBXFileReference; explicitFileType = wrapper.application; includeInIndex = 0; path = VetCare.app; sourceTree = BUILT_PRODUCTS_DIR; };
		CC9D5F7A2089FC6D00355F32 /* AppDelegate.swift */ = {isa = PBXFileReference; lastKnownFileType = sourcecode.swift; path = AppDelegate.swift; sourceTree = "<group>"; };
		CC9D5F7C2089FC6D00355F32 /* ViewController.swift */ = {isa = PBXFileReference; lastKnownFileType = sourcecode.swift; path = ViewController.swift; sourceTree = "<group>"; };
		CC9D5F7F2089FC6D00355F32 /* Base */ = {isa = PBXFileReference; lastKnownFileType = file.storyboard; name = Base; path = Base.lproj/Main.storyboard; sourceTree = "<group>"; };
		CC9D5F812089FC6E00355F32 /* Assets.xcassets */ = {isa = PBXFileReference; lastKnownFileType = folder.assetcatalog; path = Assets.xcassets; sourceTree = "<group>"; };
		CC9D5F842089FC6E00355F32 /* Base */ = {isa = PBXFileReference; lastKnownFileType = file.storyboard; name = Base; path = Base.lproj/LaunchScreen.storyboard; sourceTree = "<group>"; };
		CC9D5F862089FC6E00355F32 /* Info.plist */ = {isa = PBXFileReference; lastKnownFileType = text.plist.xml; path = Info.plist; sourceTree = "<group>"; };
		CC9D5F8B2089FC6E00355F32 /* VetCareTests.xctest */ = {isa = PBXFileReference; explicitFileType = wrapper.cfbundle; includeInIndex = 0; path = VetCareTests.xctest; sourceTree = BUILT_PRODUCTS_DIR; };
		CC9D5F8F2089FC6E00355F32 /* VetCareTests.swift */ = {isa = PBXFileReference; lastKnownFileType = sourcecode.swift; path = VetCareTests.swift; sourceTree = "<group>"; };
		CC9D5F912089FC6E00355F32 /* Info.plist */ = {isa = PBXFileReference; lastKnownFileType = text.plist.xml; path = Info.plist; sourceTree = "<group>"; };
		CC9D5F962089FC6E00355F32 /* VetCareUITests.xctest */ = {isa = PBXFileReference; explicitFileType = wrapper.cfbundle; includeInIndex = 0; path = VetCareUITests.xctest; sourceTree = BUILT_PRODUCTS_DIR; };
		CC9D5F9A2089FC6E00355F32 /* VetCareUITests.swift */ = {isa = PBXFileReference; lastKnownFileType = sourcecode.swift; path = VetCareUITests.swift; sourceTree = "<group>"; };
		CC9D5F9C2089FC6E00355F32 /* Info.plist */ = {isa = PBXFileReference; lastKnownFileType = text.plist.xml; path = Info.plist; sourceTree = "<group>"; };
/* End PBXFileReference section */

/* Begin PBXFrameworksBuildPhase section */
		CC9D5F742089FC6D00355F32 /* Frameworks */ = {
			isa = PBXFrameworksBuildPhase;
			buildActionMask = 2147483647;
			files = (
			);
			runOnlyForDeploymentPostprocessing = 0;
		};
		CC9D5F882089FC6E00355F32 /* Frameworks */ = {
			isa = PBXFrameworksBuildPhase;
			buildActionMask = 2147483647;
			files = (
			);
			runOnlyForDeploymentPostprocessing = 0;
		};
		CC9D5F932089FC6E00355F32 /* Frameworks */ = {
			isa = PBXFrameworksBuildPhase;
			buildActionMask = 2147483647;
			files = (
			);
			runOnlyForDeploymentPostprocessing = 0;
		};
/* End PBXFrameworksBuildPhase section */

/* Begin PBXGroup section */
		CC9D5F6E2089FC6D00355F32 = {
			isa = PBXGroup;
			children = (
				CC9D5F792089FC6D00355F32 /* VetCare */,
				CC9D5F8E2089FC6E00355F32 /* VetCareTests */,
				CC9D5F992089FC6E00355F32 /* VetCareUITests */,
				CC9D5F782089FC6D00355F32 /* Products */,
			);
			sourceTree = "<group>";
		};
		CC9D5F782089FC6D00355F32 /* Products */ = {
			isa = PBXGroup;
			children = (
				CC9D5F772089FC6D00355F32 /* VetCare.app */,
				CC9D5F8B2089FC6E00355F32 /* VetCareTests.xctest */,
				CC9D5F962089FC6E00355F32 /* VetCareUITests.xctest */,
			);
			name = Products;
			sourceTree = "<group>";
		};
		CC9D5F792089FC6D00355F32 /* VetCare */ = {
			isa = PBXGroup;
			children = (
				CC9D5F7A2089FC6D00355F32 /* AppDelegate.swift */,
				CC9D5F7C2089FC6D00355F32 /* ViewController.swift */,
				CC9D5F7E2089FC6D00355F32 /* Main.storyboard */,
				CC9D5F812089FC6E00355F32 /* Assets.xcassets */,
				CC9D5F832089FC6E00355F32 /* LaunchScreen.storyboard */,
				CC9D5F862089FC6E00355F32 /* Info.plist */,
			);
			path = VetCare;
			sourceTree = "<group>";
		};
		CC9D5F8E2089FC6E00355F32 /* VetCareTests */ = {
			isa = PBXGroup;
			children = (
				CC9D5F8F2089FC6E00355F32 /* VetCareTests.swift */,
				CC9D5F912089FC6E00355F32 /* Info.plist */,
			);
			path = VetCareTests;
			sourceTree = "<group>";
		};
		CC9D5F992089FC6E00355F32 /* VetCareUITests */ = {
			isa = PBXGroup;
			children = (
				CC9D5F9A2089FC6E00355F32 /* VetCareUITests.swift */,
				CC9D5F9C2089FC6E00355F32 /* Info.plist */,
			);
			path = VetCareUITests;
			sourceTree = "<group>";
		};
/* End PBXGroup section */

/* Begin PBXNativeTarget section */
		CC9D5F762089FC6D00355F32 /* VetCare */ = {
			isa = PBXNativeTarget;
			buildConfigurationList = CC9D5F9F2089FC6E00355F32 /* Build configuration list for PBXNativeTarget "VetCare" */;
			buildPhases = (
				CC9D5F732089FC6D00355F32 /* Sources */,
				CC9D5F742089FC6D00355F32 /* Frameworks */,
				CC9D5F752089FC6D00355F32 /* Resources */,
			);
			buildRules = (
			);
			dependencies = (
			);
			name = VetCare;
			productName = VetCare;
			productReference = CC9D5F772089FC6D00355F32 /* VetCare.app */;
			productType = "com.apple.product-type.application";
		};
		CC9D5F8A2089FC6E00355F32 /* VetCareTests */ = {
			isa = PBXNativeTarget;
			buildConfigurationList = CC9D5FA22089FC6E00355F32 /* Build configuration list for PBXNativeTarget "VetCareTests" */;
			buildPhases = (
				CC9D5F872089FC6E00355F32 /* Sources */,
				CC9D5F882089FC6E00355F32 /* Frameworks */,
				CC9D5F892089FC6E00355F32 /* Resources */,
			);
			buildRules = (
			);
			dependencies = (
				CC9D5F8D2089FC6E00355F32 /* PBXTargetDependency */,
			);
			name = VetCareTests;
			productName = VetCareTests;
			productReference = CC9D5F8B2089FC6E00355F32 /* VetCareTests.xctest */;
			productType = "com.apple.product-type.bundle.unit-test";
		};
		CC9D5F952089FC6E00355F32 /* VetCareUITests */ = {
			isa = PBXNativeTarget;
			buildConfigurationList = CC9D5FA52089FC6E00355F32 /* Build configuration list for PBXNativeTarget "VetCareUITests" */;
			buildPhases = (
				CC9D5F922089FC6E00355F32 /* Sources */,
				CC9D5F932089FC6E00355F32 /* Frameworks */,
				CC9D5F942089FC6E00355F32 /* Resources */,
			);
			buildRules = (
			);
			dependencies = (
				CC9D5F982089FC6E00355F32 /* PBXTargetDependency */,
			);
			name = VetCareUITests;
			productName = VetCareUITests;
			productReference = CC9D5F962089FC6E00355F32 /* VetCareUITests.xctest */;
			productType = "com.apple.product-type.bundle.ui-testing";
		};
/* End PBXNativeTarget section */

/* Begin PBXProject section */
		CC9D5F6F2089FC6D00355F32 /* Project object */ = {
			isa = PBXProject;
			attributes = {
				LastSwiftUpdateCheck = 0930;
				LastUpgradeCheck = 0930;
				ORGANIZATIONNAME = raquelramos;
				TargetAttributes = {
					CC9D5F762089FC6D00355F32 = {
						CreatedOnToolsVersion = 9.3;
					};
					CC9D5F8A2089FC6E00355F32 = {
						CreatedOnToolsVersion = 9.3;
						TestTargetID = CC9D5F762089FC6D00355F32;
					};
					CC9D5F952089FC6E00355F32 = {
						CreatedOnToolsVersion = 9.3;
						TestTargetID = CC9D5F762089FC6D00355F32;
					};
				};
			};
			buildConfigurationList = CC9D5F722089FC6D00355F32 /* Build configuration list for PBXProject "VetCare" */;
			compatibilityVersion = "Xcode 9.3";
			developmentRegion = en;
			hasScannedForEncodings = 0;
			knownRegions = (
				en,
				Base,
			);
			mainGroup = CC9D5F6E2089FC6D00355F32;
			productRefGroup = CC9D5F782089FC6D00355F32 /* Products */;
			projectDirPath = "";
			projectRoot = "";
			targets = (
				CC9D5F762089FC6D00355F32 /* VetCare */,
				CC9D5F8A2089FC6E00355F32 /* VetCareTests */,
				CC9D5F952089FC6E00355F32 /* VetCareUITests */,
			);
		};
/* End PBXProject section */

/* Begin PBXResourcesBuildPhase section */
		CC9D5F752089FC6D00355F32 /* Resources */ = {
			isa = PBXResourcesBuildPhase;
			buildActionMask = 2147483647;
			files = (
				CC9D5F852089FC6E00355F32 /* LaunchScreen.storyboard in Resources */,
				CC9D5F822089FC6E00355F32 /* Assets.xcassets in Resources */,
				CC9D5F802089FC6D00355F32 /* Main.storyboard in Resources */,
			);
			runOnlyForDeploymentPostprocessing = 0;
		};
		CC9D5F892089FC6E00355F32 /* Resources */ = {
			isa = PBXResourcesBuildPhase;
			buildActionMask = 2147483647;
			files = (
			);
			runOnlyForDeploymentPostprocessing = 0;
		};
		CC9D5F942089FC6E00355F32 /* Resources */ = {
			isa = PBXResourcesBuildPhase;
			buildActionMask = 2147483647;
			files = (
			);
			runOnlyForDeploymentPostprocessing = 0;
		};
/* End PBXResourcesBuildPhase section */

/* Begin PBXSourcesBuildPhase section */
		CC9D5F732089FC6D00355F32 /* Sources */ = {
			isa = PBXSourcesBuildPhase;
			buildActionMask = 2147483647;
			files = (
				CC9D5F7D2089FC6D00355F32 /* ViewController.swift in Sources */,
				CC9D5F7B2089FC6D00355F32 /* AppDelegate.swift in Sources */,
			);
			runOnlyForDeploymentPostprocessing = 0;
		};
		CC9D5F872089FC6E00355F32 /* Sources */ = {
			isa = PBXSourcesBuildPhase;
			buildActionMask = 2147483647;
			files = (
				CC9D5F902089FC6E00355F32 /* VetCareTests.swift in Sources */,
			);
			runOnlyForDeploymentPostprocessing = 0;
		};
		CC9D5F922089FC6E00355F32 /* Sources */ = {
			isa = PBXSourcesBuildPhase;
			buildActionMask = 2147483647;
			files = (
				CC9D5F9B2089FC6E00355F32 /* VetCareUITests.swift in Sources */,
			);
			runOnlyForDeploymentPostprocessing = 0;
		};
/* End PBXSourcesBuildPhase section */

/* Begin PBXTargetDependency section */
		CC9D5F8D2089FC6E00355F32 /* PBXTargetDependency */ = {
			isa = PBXTargetDependency;
			target = CC9D5F762089FC6D00355F32 /* VetCare */;
			targetProxy = CC9D5F8C2089FC6E00355F32 /* PBXContainerItemProxy */;
		};
		CC9D5F982089FC6E00355F32 /* PBXTargetDependency */ = {
			isa = PBXTargetDependency;
			target = CC9D5F762089FC6D00355F32 /* VetCare */;
			targetProxy = CC9D5F972089FC6E00355F32 /* PBXContainerItemProxy */;
		};
/* End PBXTargetDependency section */

/* Begin PBXVariantGroup section */
		CC9D5F7E2089FC6D00355F32 /* Main.storyboard */ = {
			isa = PBXVariantGroup;
			children = (
				CC9D5F7F2089FC6D00355F32 /* Base */,
			);
			name = Main.storyboard;
			sourceTree = "<group>";
		};
		CC9D5F832089FC6E00355F32 /* LaunchScreen.storyboard */ = {
			isa = PBXVariantGroup;
			children = (
				CC9D5F842089FC6E00355F32 /* Base */,
			);
			name = LaunchScreen.storyboard;
			sourceTree = "<group>";
		};
/* End PBXVariantGroup section */

/* Begin XCBuildConfiguration section */
		CC9D5F9D2089FC6E00355F32 /* Debug */ = {
			isa = XCBuildConfiguration;
			buildSettings = {
				ALWAYS_SEARCH_USER_PATHS = NO;
				CLANG_ANALYZER_NONNULL = YES;
				CLANG_ANALYZER_NUMBER_OBJECT_CONVERSION = YES_AGGRESSIVE;
				CLANG_CXX_LANGUAGE_STANDARD = "gnu++14";
				CLANG_CXX_LIBRARY = "libc++";
				CLANG_ENABLE_MODULES = YES;
				CLANG_ENABLE_OBJC_ARC = YES;
				CLANG_ENABLE_OBJC_WEAK = YES;
				CLANG_WARN_BLOCK_CAPTURE_AUTORELEASING = YES;
				CLANG_WARN_BOOL_CONVERSION = YES;
				CLANG_WARN_COMMA = YES;
				CLANG_WARN_CONSTANT_CONVERSION = YES;
				CLANG_WARN_DEPRECATED_OBJC_IMPLEMENTATIONS = YES;
				CLANG_WARN_DIRECT_OBJC_ISA_USAGE = YES_ERROR;
				CLANG_WARN_DOCUMENTATION_COMMENTS = YES;
				CLANG_WARN_EMPTY_BODY = YES;
				CLANG_WARN_ENUM_CONVERSION = YES;
				CLANG_WARN_INFINITE_RECURSION = YES;
				CLANG_WARN_INT_CONVERSION = YES;
				CLANG_WARN_NON_LITERAL_NULL_CONVERSION = YES;
				CLANG_WARN_OBJC_IMPLICIT_RETAIN_SELF = YES;
				CLANG_WARN_OBJC_LITERAL_CONVERSION = YES;
				CLANG_WARN_OBJC_ROOT_CLASS = YES_ERROR;
				CLANG_WARN_RANGE_LOOP_ANALYSIS = YES;
				CLANG_WARN_STRICT_PROTOTYPES = YES;
				CLANG_WARN_SUSPICIOUS_MOVE = YES;
				CLANG_WARN_UNGUARDED_AVAILABILITY = YES_AGGRESSIVE;
				CLANG_WARN_UNREACHABLE_CODE = YES;
				CLANG_WARN__DUPLICATE_METHOD_MATCH = YES;
				CODE_SIGN_IDENTITY = "iPhone Developer";
				COPY_PHASE_STRIP = NO;
				DEBUG_INFORMATION_FORMAT = dwarf;
				ENABLE_STRICT_OBJC_MSGSEND = YES;
				ENABLE_TESTABILITY = YES;
				GCC_C_LANGUAGE_STANDARD = gnu11;
				GCC_DYNAMIC_NO_PIC = NO;
				GCC_NO_COMMON_BLOCKS = YES;
				GCC_OPTIMIZATION_LEVEL = 0;
				GCC_PREPROCESSOR_DEFINITIONS = (
					"DEBUG=1",
					"$(inherited)",
				);
				GCC_WARN_64_TO_32_BIT_CONVERSION = YES;
				GCC_WARN_ABOUT_RETURN_TYPE = YES_ERROR;
				GCC_WARN_UNDECLARED_SELECTOR = YES;
				GCC_WARN_UNINITIALIZED_AUTOS = YES_AGGRESSIVE;
				GCC_WARN_UNUSED_FUNCTION = YES;
				GCC_WARN_UNUSED_VARIABLE = YES;
				IPHONEOS_DEPLOYMENT_TARGET = 11.3;
				MTL_ENABLE_DEBUG_INFO = YES;
				ONLY_ACTIVE_ARCH = YES;
				SDKROOT = iphoneos;
				SWIFT_ACTIVE_COMPILATION_CONDITIONS = DEBUG;
				SWIFT_OPTIMIZATION_LEVEL = "-Onone";
			};
			name = Debug;
		};
		CC9D5F9E2089FC6E00355F32 /* Release */ = {
			isa = XCBuildConfiguration;
			buildSettings = {
				ALWAYS_SEARCH_USER_PATHS = NO;
				CLANG_ANALYZER_NONNULL = YES;
				CLANG_ANALYZER_NUMBER_OBJECT_CONVERSION = YES_AGGRESSIVE;
				CLANG_CXX_LANGUAGE_STANDARD = "gnu++14";
				CLANG_CXX_LIBRARY = "libc++";
				CLANG_ENABLE_MODULES = YES;
				CLANG_ENABLE_OBJC_ARC = YES;
				CLANG_ENABLE_OBJC_WEAK = YES;
				CLANG_WARN_BLOCK_CAPTURE_AUTORELEASING = YES;
				CLANG_WARN_BOOL_CONVERSION = YES;
				CLANG_WARN_COMMA = YES;
				CLANG_WARN_CONSTANT_CONVERSION = YES;
				CLANG_WARN_DEPRECATED_OBJC_IMPLEMENTATIONS = YES;
				CLANG_WARN_DIRECT_OBJC_ISA_USAGE = YES_ERROR;
				CLANG_WARN_DOCUMENTATION_COMMENTS = YES;
				CLANG_WARN_EMPTY_BODY = YES;
				CLANG_WARN_ENUM_CONVERSION = YES;
				CLANG_WARN_INFINITE_RECURSION = YES;
				CLANG_WARN_INT_CONVERSION = YES;
				CLANG_WARN_NON_LITERAL_NULL_CONVERSION = YES;
				CLANG_WARN_OBJC_IMPLICIT_RETAIN_SELF = YES;
				CLANG_WARN_OBJC_LITERAL_CONVERSION = YES;
				CLANG_WARN_OBJC_ROOT_CLASS = YES_ERROR;
				CLANG_WARN_RANGE_LOOP_ANALYSIS = YES;
				CLANG_WARN_STRICT_PROTOTYPES = YES;
				CLANG_WARN_SUSPICIOUS_MOVE = YES;
				CLANG_WARN_UNGUARDED_AVAILABILITY = YES_AGGRESSIVE;
				CLANG_WARN_UNREACHABLE_CODE = YES;
				CLANG_WARN__DUPLICATE_METHOD_MATCH = YES;
				CODE_SIGN_IDENTITY = "iPhone Developer";
				COPY_PHASE_STRIP = NO;
				DEBUG_INFORMATION_FORMAT = "dwarf-with-dsym";
				ENABLE_NS_ASSERTIONS = NO;
				ENABLE_STRICT_OBJC_MSGSEND = YES;
				GCC_C_LANGUAGE_STANDARD = gnu11;
				GCC_NO_COMMON_BLOCKS = YES;
				GCC_WARN_64_TO_32_BIT_CONVERSION = YES;
				GCC_WARN_ABOUT_RETURN_TYPE = YES_ERROR;
				GCC_WARN_UNDECLARED_SELECTOR = YES;
				GCC_WARN_UNINITIALIZED_AUTOS = YES_AGGRESSIVE;
				GCC_WARN_UNUSED_FUNCTION = YES;
				GCC_WARN_UNUSED_VARIABLE = YES;
				IPHONEOS_DEPLOYMENT_TARGET = 11.3;
				MTL_ENABLE_DEBUG_INFO = NO;
				SDKROOT = iphoneos;
				SWIFT_COMPILATION_MODE = wholemodule;
				SWIFT_OPTIMIZATION_LEVEL = "-O";
				VALIDATE_PRODUCT = YES;
			};
			name = Release;
		};
		CC9D5FA02089FC6E00355F32 /* Debug */ = {
			isa = XCBuildConfiguration;
			buildSettings = {
				ASSETCATALOG_COMPILER_APPICON_NAME = AppIcon;
				CODE_SIGN_STYLE = Automatic;
				DEVELOPMENT_TEAM = PHQ37KZRYM;
				INFOPLIST_FILE = VetCare/Info.plist;
				IPHONEOS_DEPLOYMENT_TARGET = 10.3;
				LD_RUNPATH_SEARCH_PATHS = (
					"$(inherited)",
					"@executable_path/Frameworks",
				);
				PRODUCT_BUNDLE_IDENTIFIER = ua.VetCare;
				PRODUCT_NAME = "$(TARGET_NAME)";
				SWIFT_VERSION = 4.0;
				TARGETED_DEVICE_FAMILY = "1,2";
			};
			name = Debug;
		};
		CC9D5FA12089FC6E00355F32 /* Release */ = {
			isa = XCBuildConfiguration;
			buildSettings = {
				ASSETCATALOG_COMPILER_APPICON_NAME = AppIcon;
				CODE_SIGN_STYLE = Automatic;
				DEVELOPMENT_TEAM = PHQ37KZRYM;
				INFOPLIST_FILE = VetCare/Info.plist;
				IPHONEOS_DEPLOYMENT_TARGET = 10.3;
				LD_RUNPATH_SEARCH_PATHS = (
					"$(inherited)",
					"@executable_path/Frameworks",
				);
				PRODUCT_BUNDLE_IDENTIFIER = ua.VetCare;
				PRODUCT_NAME = "$(TARGET_NAME)";
				SWIFT_VERSION = 4.0;
				TARGETED_DEVICE_FAMILY = "1,2";
			};
			name = Release;
		};
		CC9D5FA32089FC6E00355F32 /* Debug */ = {
			isa = XCBuildConfiguration;
			buildSettings = {
				ALWAYS_EMBED_SWIFT_STANDARD_LIBRARIES = YES;
				BUNDLE_LOADER = "$(TEST_HOST)";
				CODE_SIGN_STYLE = Automatic;
				DEVELOPMENT_TEAM = PHQ37KZRYM;
				INFOPLIST_FILE = VetCareTests/Info.plist;
				LD_RUNPATH_SEARCH_PATHS = (
					"$(inherited)",
					"@executable_path/Frameworks",
					"@loader_path/Frameworks",
				);
				PRODUCT_BUNDLE_IDENTIFIER = ua.VetCareTests;
				PRODUCT_NAME = "$(TARGET_NAME)";
				SWIFT_VERSION = 4.0;
				TARGETED_DEVICE_FAMILY = "1,2";
				TEST_HOST = "$(BUILT_PRODUCTS_DIR)/VetCare.app/VetCare";
			};
			name = Debug;
		};
		CC9D5FA42089FC6E00355F32 /* Release */ = {
			isa = XCBuildConfiguration;
			buildSettings = {
				ALWAYS_EMBED_SWIFT_STANDARD_LIBRARIES = YES;
				BUNDLE_LOADER = "$(TEST_HOST)";
				CODE_SIGN_STYLE = Automatic;
				DEVELOPMENT_TEAM = PHQ37KZRYM;
				INFOPLIST_FILE = VetCareTests/Info.plist;
				LD_RUNPATH_SEARCH_PATHS = (
					"$(inherited)",
					"@executable_path/Frameworks",
					"@loader_path/Frameworks",
				);
				PRODUCT_BUNDLE_IDENTIFIER = ua.VetCareTests;
				PRODUCT_NAME = "$(TARGET_NAME)";
				SWIFT_VERSION = 4.0;
				TARGETED_DEVICE_FAMILY = "1,2";
				TEST_HOST = "$(BUILT_PRODUCTS_DIR)/VetCare.app/VetCare";
			};
			name = Release;
		};
		CC9D5FA62089FC6E00355F32 /* Debug */ = {
			isa = XCBuildConfiguration;
			buildSettings = {
				ALWAYS_EMBED_SWIFT_STANDARD_LIBRARIES = YES;
				CODE_SIGN_STYLE = Automatic;
				DEVELOPMENT_TEAM = PHQ37KZRYM;
				INFOPLIST_FILE = VetCareUITests/Info.plist;
				LD_RUNPATH_SEARCH_PATHS = (
					"$(inherited)",
					"@executable_path/Frameworks",
					"@loader_path/Frameworks",
				);
				PRODUCT_BUNDLE_IDENTIFIER = ua.VetCareUITests;
				PRODUCT_NAME = "$(TARGET_NAME)";
				SWIFT_VERSION = 4.0;
				TARGETED_DEVICE_FAMILY = "1,2";
				TEST_TARGET_NAME = VetCare;
			};
			name = Debug;
		};
		CC9D5FA72089FC6E00355F32 /* Release */ = {
			isa = XCBuildConfiguration;
			buildSettings = {
				ALWAYS_EMBED_SWIFT_STANDARD_LIBRARIES = YES;
				CODE_SIGN_STYLE = Automatic;
				DEVELOPMENT_TEAM = PHQ37KZRYM;
				INFOPLIST_FILE = VetCareUITests/Info.plist;
				LD_RUNPATH_SEARCH_PATHS = (
					"$(inherited)",
					"@executable_path/Frameworks",
					"@loader_path/Frameworks",
				);
				PRODUCT_BUNDLE_IDENTIFIER = ua.VetCareUITests;
				PRODUCT_NAME = "$(TARGET_NAME)";
				SWIFT_VERSION = 4.0;
				TARGETED_DEVICE_FAMILY = "1,2";
				TEST_TARGET_NAME = VetCare;
			};
			name = Release;
		};
/* End XCBuildConfiguration section */

/* Begin XCConfigurationList section */
		CC9D5F722089FC6D00355F32 /* Build configuration list for PBXProject "VetCare" */ = {
			isa = XCConfigurationList;
			buildConfigurations = (
				CC9D5F9D2089FC6E00355F32 /* Debug */,
				CC9D5F9E2089FC6E00355F32 /* Release */,
			);
			defaultConfigurationIsVisible = 0;
			defaultConfigurationName = Release;
		};
		CC9D5F9F2089FC6E00355F32 /* Build configuration list for PBXNativeTarget "VetCare" */ = {
			isa = XCConfigurationList;
			buildConfigurations = (
				CC9D5FA02089FC6E00355F32 /* Debug */,
				CC9D5FA12089FC6E00355F32 /* Release */,
			);
			defaultConfigurationIsVisible = 0;
			defaultConfigurationName = Release;
		};
		CC9D5FA22089FC6E00355F32 /* Build configuration list for PBXNativeTarget "VetCareTests" */ = {
			isa = XCConfigurationList;
			buildConfigurations = (
				CC9D5FA32089FC6E00355F32 /* Debug */,
				CC9D5FA42089FC6E00355F32 /* Release */,
			);
			defaultConfigurationIsVisible = 0;
			defaultConfigurationName = Release;
		};
		CC9D5FA52089FC6E00355F32 /* Build configuration list for PBXNativeTarget "VetCareUITests" */ = {
			isa = XCConfigurationList;
			buildConfigurations = (
				CC9D5FA62089FC6E00355F32 /* Debug */,
				CC9D5FA72089FC6E00355F32 /* Release */,
			);
			defaultConfigurationIsVisible = 0;
			defaultConfigurationName = Release;
		};
/* End XCConfigurationList section */
	};
	rootObject = CC9D5F6F2089FC6D00355F32 /* Project object */;
}
