// !$*UTF8*$!
{
	archiveVersion = 1;
	classes = {
	};
	objectVersion = 50;
	objects = {

/* Begin PBXBuildFile section */
		C700DD978286060FA3CC5E25 /* Pods_VetCare.framework in Frameworks */ = {isa = PBXBuildFile; fileRef = A349BE31A8ED09DE05870C66 /* Pods_VetCare.framework */; };
		CC02E66F20A8EC4D007CC3C0 /* VitalSignsViewController.swift in Sources */ = {isa = PBXBuildFile; fileRef = CC02E66E20A8EC4D007CC3C0 /* VitalSignsViewController.swift */; };
		CC0540142094DBDA00C39CC6 /* AnimalsViewController.swift in Sources */ = {isa = PBXBuildFile; fileRef = CC0540132094DBDA00C39CC6 /* AnimalsViewController.swift */; };
		CC0540162094DC9400C39CC6 /* AnimalViewCell.swift in Sources */ = {isa = PBXBuildFile; fileRef = CC0540152094DC9400C39CC6 /* AnimalViewCell.swift */; };
		CC06903A209E226700CBD8D4 /* SendMessageViewController.swift in Sources */ = {isa = PBXBuildFile; fileRef = CC069039209E226700CBD8D4 /* SendMessageViewController.swift */; };
		CC06903C209E227400CBD8D4 /* DischargeViewController.swift in Sources */ = {isa = PBXBuildFile; fileRef = CC06903B209E227400CBD8D4 /* DischargeViewController.swift */; };
		CC16DEFD209496E7000E7F09 /* GoogleService-Info.plist in Resources */ = {isa = PBXBuildFile; fileRef = CC16DEFC209496E7000E7F09 /* GoogleService-Info.plist */; };
		CC28E562209B3DE200F1ADCE /* MBCalendarKit.framework in Frameworks */ = {isa = PBXBuildFile; fileRef = CC28E561209B3DE200F1ADCE /* MBCalendarKit.framework */; };
		CC28E564209B473900F1ADCE /* CalendarUIViewController.swift in Sources */ = {isa = PBXBuildFile; fileRef = CC28E563209B473900F1ADCE /* CalendarUIViewController.swift */; };
		CC29F28820AA298B00A78D80 /* Charts.framework in Frameworks */ = {isa = PBXBuildFile; fileRef = CC29F28720AA298B00A78D80 /* Charts.framework */; };
		CC33934420C48DAD0016161C /* LogOutViewController.swift in Sources */ = {isa = PBXBuildFile; fileRef = CC33934320C48DAD0016161C /* LogOutViewController.swift */; };
		CC389B952098A57B00A67F5F /* GeneralInfoViewController.swift in Sources */ = {isa = PBXBuildFile; fileRef = CC389B942098A57B00A67F5F /* GeneralInfoViewController.swift */; };
		CC389B972098A59600A67F5F /* HospitalisationViewController.swift in Sources */ = {isa = PBXBuildFile; fileRef = CC389B962098A59600A67F5F /* HospitalisationViewController.swift */; };
		CC389B992098A5A600A67F5F /* HistoricViewController.swift in Sources */ = {isa = PBXBuildFile; fileRef = CC389B982098A5A600A67F5F /* HistoricViewController.swift */; };
		CC389BAE2098B60300A67F5F /* GeneralTableViewCell.swift in Sources */ = {isa = PBXBuildFile; fileRef = CC389BAC2098B60300A67F5F /* GeneralTableViewCell.swift */; };
		CC389BAF2098B60300A67F5F /* GeneralTableViewCell.xib in Resources */ = {isa = PBXBuildFile; fileRef = CC389BAD2098B60300A67F5F /* GeneralTableViewCell.xib */; };
		CC389BB22098B64C00A67F5F /* MedicineTableViewCell.swift in Sources */ = {isa = PBXBuildFile; fileRef = CC389BB02098B64C00A67F5F /* MedicineTableViewCell.swift */; };
		CC389BB32098B64C00A67F5F /* MedicineTableViewCell.xib in Resources */ = {isa = PBXBuildFile; fileRef = CC389BB12098B64C00A67F5F /* MedicineTableViewCell.xib */; };
		CC389BB82098B68400A67F5F /* ProcedureTableViewCell.swift in Sources */ = {isa = PBXBuildFile; fileRef = CC389BB62098B68400A67F5F /* ProcedureTableViewCell.swift */; };
		CC389BB92098B68400A67F5F /* ProcedureTableViewCell.xib in Resources */ = {isa = PBXBuildFile; fileRef = CC389BB72098B68400A67F5F /* ProcedureTableViewCell.xib */; };
		CC389BBB2098C72E00A67F5F /* HistoricTableViewCell.swift in Sources */ = {isa = PBXBuildFile; fileRef = CC389BBA2098C72E00A67F5F /* HistoricTableViewCell.swift */; };
		CC389BBD2098CA0600A67F5F /* TaskListViewController.swift in Sources */ = {isa = PBXBuildFile; fileRef = CC389BBC2098CA0600A67F5F /* TaskListViewController.swift */; };
		CC389BBF2098CD0400A67F5F /* TaskListTableViewCell.swift in Sources */ = {isa = PBXBuildFile; fileRef = CC389BBE2098CD0400A67F5F /* TaskListTableViewCell.swift */; };
		CC512E5220A30B3300A35FEC /* DriveViewController.swift in Sources */ = {isa = PBXBuildFile; fileRef = CC512E5120A30B3300A35FEC /* DriveViewController.swift */; };
		CC518722209C54F2001690AD /* QRCodeViewController.swift in Sources */ = {isa = PBXBuildFile; fileRef = CC518721209C54F2001690AD /* QRCodeViewController.swift */; };
		CC79531420B46D420057644A /* Internment+CoreDataClass.swift in Sources */ = {isa = PBXBuildFile; fileRef = CC79530820B46D420057644A /* Internment+CoreDataClass.swift */; };
		CC79531520B46D420057644A /* Internment+CoreDataProperties.swift in Sources */ = {isa = PBXBuildFile; fileRef = CC79530920B46D420057644A /* Internment+CoreDataProperties.swift */; };
		CC79531620B46D420057644A /* Historic+CoreDataClass.swift in Sources */ = {isa = PBXBuildFile; fileRef = CC79530A20B46D420057644A /* Historic+CoreDataClass.swift */; };
		CC79531720B46D420057644A /* Historic+CoreDataProperties.swift in Sources */ = {isa = PBXBuildFile; fileRef = CC79530B20B46D420057644A /* Historic+CoreDataProperties.swift */; };
		CC79531820B46D420057644A /* Owner+CoreDataClass.swift in Sources */ = {isa = PBXBuildFile; fileRef = CC79530C20B46D420057644A /* Owner+CoreDataClass.swift */; };
		CC79531920B46D420057644A /* Owner+CoreDataProperties.swift in Sources */ = {isa = PBXBuildFile; fileRef = CC79530D20B46D420057644A /* Owner+CoreDataProperties.swift */; };
		CC79531A20B46D420057644A /* Procedure+CoreDataClass.swift in Sources */ = {isa = PBXBuildFile; fileRef = CC79530E20B46D420057644A /* Procedure+CoreDataClass.swift */; };
		CC79531B20B46D420057644A /* Procedure+CoreDataProperties.swift in Sources */ = {isa = PBXBuildFile; fileRef = CC79530F20B46D420057644A /* Procedure+CoreDataProperties.swift */; };
		CC79531C20B46D420057644A /* Animal+CoreDataClass.swift in Sources */ = {isa = PBXBuildFile; fileRef = CC79531020B46D420057644A /* Animal+CoreDataClass.swift */; };
		CC79531D20B46D420057644A /* Animal+CoreDataProperties.swift in Sources */ = {isa = PBXBuildFile; fileRef = CC79531120B46D420057644A /* Animal+CoreDataProperties.swift */; };
		CC79531E20B46D420057644A /* Medicine+CoreDataClass.swift in Sources */ = {isa = PBXBuildFile; fileRef = CC79531220B46D420057644A /* Medicine+CoreDataClass.swift */; };
		CC79531F20B46D420057644A /* Medicine+CoreDataProperties.swift in Sources */ = {isa = PBXBuildFile; fileRef = CC79531320B46D420057644A /* Medicine+CoreDataProperties.swift */; };
		CC941B402093D1890097EDA9 /* LoginViewController.swift in Sources */ = {isa = PBXBuildFile; fileRef = CC941B3F2093D1890097EDA9 /* LoginViewController.swift */; };
		CC942F7D2097644400CAC241 /* ProfileTableViewCell.swift in Sources */ = {isa = PBXBuildFile; fileRef = CC942F7C2097644400CAC241 /* ProfileTableViewCell.swift */; };
		CCAE2CA02091DC780013A6BE /* AppDelegate.swift in Sources */ = {isa = PBXBuildFile; fileRef = CCAE2C9F2091DC780013A6BE /* AppDelegate.swift */; };
		CCAE2CA52091DC780013A6BE /* Main.storyboard in Resources */ = {isa = PBXBuildFile; fileRef = CCAE2CA32091DC780013A6BE /* Main.storyboard */; };
		CCAE2CA82091DC780013A6BE /* VetCare.xcdatamodeld in Sources */ = {isa = PBXBuildFile; fileRef = CCAE2CA62091DC780013A6BE /* VetCare.xcdatamodeld */; };
		CCAE2CAD2091DC7A0013A6BE /* LaunchScreen.storyboard in Resources */ = {isa = PBXBuildFile; fileRef = CCAE2CAB2091DC7A0013A6BE /* LaunchScreen.storyboard */; };
		CCAE2CB52091E22A0013A6BE /* MainController.swift in Sources */ = {isa = PBXBuildFile; fileRef = CCAE2CB42091E22A0013A6BE /* MainController.swift */; };
		CCC57FB120B31A7300B5957E /* PersistenceService.swift in Sources */ = {isa = PBXBuildFile; fileRef = CCC57FB020B31A7300B5957E /* PersistenceService.swift */; };
		CCD976682096052300DD29D0 /* Assets.xcassets in Resources */ = {isa = PBXBuildFile; fileRef = CCD976672096052300DD29D0 /* Assets.xcassets */; };
		CCD9766A209617B800DD29D0 /* ProfileViewController.swift in Sources */ = {isa = PBXBuildFile; fileRef = CCD97669209617B800DD29D0 /* ProfileViewController.swift */; };
		CCD9766C209617D500DD29D0 /* AddAnimalViewController.swift in Sources */ = {isa = PBXBuildFile; fileRef = CCD9766B209617D500DD29D0 /* AddAnimalViewController.swift */; };
/* End PBXBuildFile section */

/* Begin PBXFileReference section */
		A349BE31A8ED09DE05870C66 /* Pods_VetCare.framework */ = {isa = PBXFileReference; explicitFileType = wrapper.framework; includeInIndex = 0; path = Pods_VetCare.framework; sourceTree = BUILT_PRODUCTS_DIR; };
		C4A551B8F654B57AD40E520D /* Pods-VetCare.debug.xcconfig */ = {isa = PBXFileReference; includeInIndex = 1; lastKnownFileType = text.xcconfig; name = "Pods-VetCare.debug.xcconfig"; path = "Pods/Target Support Files/Pods-VetCare/Pods-VetCare.debug.xcconfig"; sourceTree = "<group>"; };
		CC02E66E20A8EC4D007CC3C0 /* VitalSignsViewController.swift */ = {isa = PBXFileReference; lastKnownFileType = sourcecode.swift; path = VitalSignsViewController.swift; sourceTree = "<group>"; };
		CC0540132094DBDA00C39CC6 /* AnimalsViewController.swift */ = {isa = PBXFileReference; lastKnownFileType = sourcecode.swift; path = AnimalsViewController.swift; sourceTree = "<group>"; };
		CC0540152094DC9400C39CC6 /* AnimalViewCell.swift */ = {isa = PBXFileReference; lastKnownFileType = sourcecode.swift; path = AnimalViewCell.swift; sourceTree = "<group>"; };
		CC069039209E226700CBD8D4 /* SendMessageViewController.swift */ = {isa = PBXFileReference; lastKnownFileType = sourcecode.swift; path = SendMessageViewController.swift; sourceTree = "<group>"; };
		CC06903B209E227400CBD8D4 /* DischargeViewController.swift */ = {isa = PBXFileReference; lastKnownFileType = sourcecode.swift; path = DischargeViewController.swift; sourceTree = "<group>"; };
		CC16DEFC209496E7000E7F09 /* GoogleService-Info.plist */ = {isa = PBXFileReference; fileEncoding = 4; lastKnownFileType = text.plist.xml; name = "GoogleService-Info.plist"; path = "../../../../../Downloads/GoogleService-Info.plist"; sourceTree = "<group>"; };
		CC28E55F209B3DC200F1ADCE /* MBCalendarKit.framework */ = {isa = PBXFileReference; explicitFileType = wrapper.framework; path = MBCalendarKit.framework; sourceTree = BUILT_PRODUCTS_DIR; };
		CC28E561209B3DE200F1ADCE /* MBCalendarKit.framework */ = {isa = PBXFileReference; explicitFileType = wrapper.framework; path = MBCalendarKit.framework; sourceTree = BUILT_PRODUCTS_DIR; };
		CC28E563209B473900F1ADCE /* CalendarUIViewController.swift */ = {isa = PBXFileReference; lastKnownFileType = sourcecode.swift; path = CalendarUIViewController.swift; sourceTree = "<group>"; };
		CC29F28720AA298B00A78D80 /* Charts.framework */ = {isa = PBXFileReference; explicitFileType = wrapper.framework; path = Charts.framework; sourceTree = BUILT_PRODUCTS_DIR; };
		CC33934320C48DAD0016161C /* LogOutViewController.swift */ = {isa = PBXFileReference; lastKnownFileType = sourcecode.swift; path = LogOutViewController.swift; sourceTree = "<group>"; };
		CC389B942098A57B00A67F5F /* GeneralInfoViewController.swift */ = {isa = PBXFileReference; lastKnownFileType = sourcecode.swift; path = GeneralInfoViewController.swift; sourceTree = "<group>"; };
		CC389B962098A59600A67F5F /* HospitalisationViewController.swift */ = {isa = PBXFileReference; lastKnownFileType = sourcecode.swift; path = HospitalisationViewController.swift; sourceTree = "<group>"; };
		CC389B982098A5A600A67F5F /* HistoricViewController.swift */ = {isa = PBXFileReference; lastKnownFileType = sourcecode.swift; path = HistoricViewController.swift; sourceTree = "<group>"; };
		CC389BAC2098B60300A67F5F /* GeneralTableViewCell.swift */ = {isa = PBXFileReference; lastKnownFileType = sourcecode.swift; path = GeneralTableViewCell.swift; sourceTree = "<group>"; };
		CC389BAD2098B60300A67F5F /* GeneralTableViewCell.xib */ = {isa = PBXFileReference; lastKnownFileType = file.xib; path = GeneralTableViewCell.xib; sourceTree = "<group>"; };
		CC389BB02098B64C00A67F5F /* MedicineTableViewCell.swift */ = {isa = PBXFileReference; lastKnownFileType = sourcecode.swift; path = MedicineTableViewCell.swift; sourceTree = "<group>"; };
		CC389BB12098B64C00A67F5F /* MedicineTableViewCell.xib */ = {isa = PBXFileReference; lastKnownFileType = file.xib; path = MedicineTableViewCell.xib; sourceTree = "<group>"; };
		CC389BB62098B68400A67F5F /* ProcedureTableViewCell.swift */ = {isa = PBXFileReference; lastKnownFileType = sourcecode.swift; path = ProcedureTableViewCell.swift; sourceTree = "<group>"; };
		CC389BB72098B68400A67F5F /* ProcedureTableViewCell.xib */ = {isa = PBXFileReference; lastKnownFileType = file.xib; path = ProcedureTableViewCell.xib; sourceTree = "<group>"; };
		CC389BBA2098C72E00A67F5F /* HistoricTableViewCell.swift */ = {isa = PBXFileReference; lastKnownFileType = sourcecode.swift; path = HistoricTableViewCell.swift; sourceTree = "<group>"; };
		CC389BBC2098CA0600A67F5F /* TaskListViewController.swift */ = {isa = PBXFileReference; lastKnownFileType = sourcecode.swift; path = TaskListViewController.swift; sourceTree = "<group>"; };
		CC389BBE2098CD0400A67F5F /* TaskListTableViewCell.swift */ = {isa = PBXFileReference; lastKnownFileType = sourcecode.swift; path = TaskListTableViewCell.swift; sourceTree = "<group>"; };
		CC512E5120A30B3300A35FEC /* DriveViewController.swift */ = {isa = PBXFileReference; lastKnownFileType = sourcecode.swift; path = DriveViewController.swift; sourceTree = "<group>"; };
		CC518721209C54F2001690AD /* QRCodeViewController.swift */ = {isa = PBXFileReference; lastKnownFileType = sourcecode.swift; path = QRCodeViewController.swift; sourceTree = "<group>"; };
		CC518725209C76F5001690AD /* square.png */ = {isa = PBXFileReference; lastKnownFileType = image.png; path = square.png; sourceTree = "<group>"; };
		CC79530820B46D420057644A /* Internment+CoreDataClass.swift */ = {isa = PBXFileReference; lastKnownFileType = sourcecode.swift; path = "Internment+CoreDataClass.swift"; sourceTree = "<group>"; };
		CC79530920B46D420057644A /* Internment+CoreDataProperties.swift */ = {isa = PBXFileReference; lastKnownFileType = sourcecode.swift; path = "Internment+CoreDataProperties.swift"; sourceTree = "<group>"; };
		CC79530A20B46D420057644A /* Historic+CoreDataClass.swift */ = {isa = PBXFileReference; lastKnownFileType = sourcecode.swift; path = "Historic+CoreDataClass.swift"; sourceTree = "<group>"; };
		CC79530B20B46D420057644A /* Historic+CoreDataProperties.swift */ = {isa = PBXFileReference; lastKnownFileType = sourcecode.swift; path = "Historic+CoreDataProperties.swift"; sourceTree = "<group>"; };
		CC79530C20B46D420057644A /* Owner+CoreDataClass.swift */ = {isa = PBXFileReference; lastKnownFileType = sourcecode.swift; path = "Owner+CoreDataClass.swift"; sourceTree = "<group>"; };
		CC79530D20B46D420057644A /* Owner+CoreDataProperties.swift */ = {isa = PBXFileReference; lastKnownFileType = sourcecode.swift; path = "Owner+CoreDataProperties.swift"; sourceTree = "<group>"; };
		CC79530E20B46D420057644A /* Procedure+CoreDataClass.swift */ = {isa = PBXFileReference; lastKnownFileType = sourcecode.swift; path = "Procedure+CoreDataClass.swift"; sourceTree = "<group>"; };
		CC79530F20B46D420057644A /* Procedure+CoreDataProperties.swift */ = {isa = PBXFileReference; lastKnownFileType = sourcecode.swift; path = "Procedure+CoreDataProperties.swift"; sourceTree = "<group>"; };
		CC79531020B46D420057644A /* Animal+CoreDataClass.swift */ = {isa = PBXFileReference; lastKnownFileType = sourcecode.swift; path = "Animal+CoreDataClass.swift"; sourceTree = "<group>"; };
		CC79531120B46D420057644A /* Animal+CoreDataProperties.swift */ = {isa = PBXFileReference; lastKnownFileType = sourcecode.swift; path = "Animal+CoreDataProperties.swift"; sourceTree = "<group>"; };
		CC79531220B46D420057644A /* Medicine+CoreDataClass.swift */ = {isa = PBXFileReference; lastKnownFileType = sourcecode.swift; path = "Medicine+CoreDataClass.swift"; sourceTree = "<group>"; };
		CC79531320B46D420057644A /* Medicine+CoreDataProperties.swift */ = {isa = PBXFileReference; lastKnownFileType = sourcecode.swift; path = "Medicine+CoreDataProperties.swift"; sourceTree = "<group>"; };
		CC941B3F2093D1890097EDA9 /* LoginViewController.swift */ = {isa = PBXFileReference; lastKnownFileType = sourcecode.swift; path = LoginViewController.swift; sourceTree = "<group>"; };
		CC942F7C2097644400CAC241 /* ProfileTableViewCell.swift */ = {isa = PBXFileReference; lastKnownFileType = sourcecode.swift; path = ProfileTableViewCell.swift; sourceTree = "<group>"; };
		CCAE2C9C2091DC780013A6BE /* VetCare.app */ = {isa = PBXFileReference; explicitFileType = wrapper.application; includeInIndex = 0; path = VetCare.app; sourceTree = BUILT_PRODUCTS_DIR; };
		CCAE2C9F2091DC780013A6BE /* AppDelegate.swift */ = {isa = PBXFileReference; lastKnownFileType = sourcecode.swift; path = AppDelegate.swift; sourceTree = "<group>"; };
		CCAE2CA42091DC780013A6BE /* Base */ = {isa = PBXFileReference; lastKnownFileType = file.storyboard; name = Base; path = Base.lproj/Main.storyboard; sourceTree = "<group>"; };
		CCAE2CA72091DC780013A6BE /* VetCare.xcdatamodel */ = {isa = PBXFileReference; lastKnownFileType = wrapper.xcdatamodel; path = VetCare.xcdatamodel; sourceTree = "<group>"; };
		CCAE2CAC2091DC7A0013A6BE /* Base */ = {isa = PBXFileReference; lastKnownFileType = file.storyboard; name = Base; path = Base.lproj/LaunchScreen.storyboard; sourceTree = "<group>"; };
		CCAE2CAE2091DC7A0013A6BE /* Info.plist */ = {isa = PBXFileReference; lastKnownFileType = text.plist.xml; path = Info.plist; sourceTree = "<group>"; };
		CCAE2CB42091E22A0013A6BE /* MainController.swift */ = {isa = PBXFileReference; lastKnownFileType = sourcecode.swift; path = MainController.swift; sourceTree = "<group>"; };
		CCC57FB020B31A7300B5957E /* PersistenceService.swift */ = {isa = PBXFileReference; lastKnownFileType = sourcecode.swift; path = PersistenceService.swift; sourceTree = "<group>"; };
		CCD976672096052300DD29D0 /* Assets.xcassets */ = {isa = PBXFileReference; lastKnownFileType = folder.assetcatalog; path = Assets.xcassets; sourceTree = "<group>"; };
		CCD97669209617B800DD29D0 /* ProfileViewController.swift */ = {isa = PBXFileReference; lastKnownFileType = sourcecode.swift; path = ProfileViewController.swift; sourceTree = "<group>"; };
		CCD9766B209617D500DD29D0 /* AddAnimalViewController.swift */ = {isa = PBXFileReference; lastKnownFileType = sourcecode.swift; path = AddAnimalViewController.swift; sourceTree = "<group>"; };
		DC08787151D843D3FA13187F /* Pods-VetCare.release.xcconfig */ = {isa = PBXFileReference; includeInIndex = 1; lastKnownFileType = text.xcconfig; name = "Pods-VetCare.release.xcconfig"; path = "Pods/Target Support Files/Pods-VetCare/Pods-VetCare.release.xcconfig"; sourceTree = "<group>"; };
/* End PBXFileReference section */

/* Begin PBXFrameworksBuildPhase section */
		CCAE2C992091DC780013A6BE /* Frameworks */ = {
			isa = PBXFrameworksBuildPhase;
			buildActionMask = 2147483647;
			files = (
				CC29F28820AA298B00A78D80 /* Charts.framework in Frameworks */,
				CC28E562209B3DE200F1ADCE /* MBCalendarKit.framework in Frameworks */,
				C700DD978286060FA3CC5E25 /* Pods_VetCare.framework in Frameworks */,
			);
			runOnlyForDeploymentPostprocessing = 0;
		};
/* End PBXFrameworksBuildPhase section */

/* Begin PBXGroup section */
		3D28D4FE5C41EAF39E645C53 /* Frameworks */ = {
			isa = PBXGroup;
			children = (
				CC29F28720AA298B00A78D80 /* Charts.framework */,
				CC28E561209B3DE200F1ADCE /* MBCalendarKit.framework */,
				CC28E55F209B3DC200F1ADCE /* MBCalendarKit.framework */,
				A349BE31A8ED09DE05870C66 /* Pods_VetCare.framework */,
			);
			name = Frameworks;
			sourceTree = "<group>";
		};
		CC29F28920AA29EE00A78D80 /* vitalsigns */ = {
			isa = PBXGroup;
			children = (
				CC02E66E20A8EC4D007CC3C0 /* VitalSignsViewController.swift */,
			);
			path = vitalsigns;
			sourceTree = "<group>";
		};
		CC3D966D20B073B700A4B5A5 /* db */ = {
			isa = PBXGroup;
			children = (
				CC79530820B46D420057644A /* Internment+CoreDataClass.swift */,
				CC79530920B46D420057644A /* Internment+CoreDataProperties.swift */,
				CC79530A20B46D420057644A /* Historic+CoreDataClass.swift */,
				CC79530B20B46D420057644A /* Historic+CoreDataProperties.swift */,
				CC79530C20B46D420057644A /* Owner+CoreDataClass.swift */,
				CC79530D20B46D420057644A /* Owner+CoreDataProperties.swift */,
				CC79530E20B46D420057644A /* Procedure+CoreDataClass.swift */,
				CC79530F20B46D420057644A /* Procedure+CoreDataProperties.swift */,
				CC79531020B46D420057644A /* Animal+CoreDataClass.swift */,
				CC79531120B46D420057644A /* Animal+CoreDataProperties.swift */,
				CC79531220B46D420057644A /* Medicine+CoreDataClass.swift */,
				CC79531320B46D420057644A /* Medicine+CoreDataProperties.swift */,
			);
			path = db;
			sourceTree = "<group>";
		};
		CC512E5020A30AA300A35FEC /* drive */ = {
			isa = PBXGroup;
			children = (
				CC512E5120A30B3300A35FEC /* DriveViewController.swift */,
			);
			path = drive;
			sourceTree = "<group>";
		};
		CCA7D8C1209901E5007F28DA /* calendar */ = {
			isa = PBXGroup;
			children = (
				CC28E563209B473900F1ADCE /* CalendarUIViewController.swift */,
			);
			path = calendar;
			sourceTree = "<group>";
		};
		CCA7D8C320990213007F28DA /* login */ = {
			isa = PBXGroup;
			children = (
				CC33934320C48DAD0016161C /* LogOutViewController.swift */,
				CC941B3F2093D1890097EDA9 /* LoginViewController.swift */,
			);
			path = login;
			sourceTree = "<group>";
		};
		CCA7D8C42099023A007F28DA /* main */ = {
			isa = PBXGroup;
			children = (
				CCAE2CB42091E22A0013A6BE /* MainController.swift */,
			);
			path = main;
			sourceTree = "<group>";
		};
		CCA7D8C52099024A007F28DA /* pets */ = {
			isa = PBXGroup;
			children = (
				CC0540132094DBDA00C39CC6 /* AnimalsViewController.swift */,
				CCD9766B209617D500DD29D0 /* AddAnimalViewController.swift */,
				CCA7D8C9209902AA007F28DA /* profile */,
				CC29F28920AA29EE00A78D80 /* vitalsigns */,
				CCA7D8C82099028B007F28DA /* cells */,
			);
			path = pets;
			sourceTree = "<group>";
		};
		CCA7D8C62099025E007F28DA /* tasklist */ = {
			isa = PBXGroup;
			children = (
				CCA7D8C720990273007F28DA /* cells */,
				CC389BBC2098CA0600A67F5F /* TaskListViewController.swift */,
				CC518721209C54F2001690AD /* QRCodeViewController.swift */,
			);
			path = tasklist;
			sourceTree = "<group>";
		};
		CCA7D8C720990273007F28DA /* cells */ = {
			isa = PBXGroup;
			children = (
				CC389BBE2098CD0400A67F5F /* TaskListTableViewCell.swift */,
			);
			path = cells;
			sourceTree = "<group>";
		};
		CCA7D8C82099028B007F28DA /* cells */ = {
			isa = PBXGroup;
			children = (
				CC0540152094DC9400C39CC6 /* AnimalViewCell.swift */,
			);
			path = cells;
			sourceTree = "<group>";
		};
		CCA7D8C9209902AA007F28DA /* profile */ = {
			isa = PBXGroup;
			children = (
				CCD97669209617B800DD29D0 /* ProfileViewController.swift */,
				CC069039209E226700CBD8D4 /* SendMessageViewController.swift */,
				CC06903B209E227400CBD8D4 /* DischargeViewController.swift */,
				CCA7D8CD20990309007F28DA /* historic */,
				CCA7D8CC20990301007F28DA /* hospitalisation */,
				CCA7D8CB209902F9007F28DA /* info */,
				CCA7D8CA209902D6007F28DA /* cells */,
			);
			path = profile;
			sourceTree = "<group>";
		};
		CCA7D8CA209902D6007F28DA /* cells */ = {
			isa = PBXGroup;
			children = (
				CC942F7C2097644400CAC241 /* ProfileTableViewCell.swift */,
			);
			path = cells;
			sourceTree = "<group>";
		};
		CCA7D8CB209902F9007F28DA /* info */ = {
			isa = PBXGroup;
			children = (
				CC389B942098A57B00A67F5F /* GeneralInfoViewController.swift */,
			);
			path = info;
			sourceTree = "<group>";
		};
		CCA7D8CC20990301007F28DA /* hospitalisation */ = {
			isa = PBXGroup;
			children = (
				CC389B962098A59600A67F5F /* HospitalisationViewController.swift */,
				CCA7D8CF20990354007F28DA /* cells */,
			);
			path = hospitalisation;
			sourceTree = "<group>";
		};
		CCA7D8CD20990309007F28DA /* historic */ = {
			isa = PBXGroup;
			children = (
				CCA7D8CE20990334007F28DA /* cells */,
				CC389B982098A5A600A67F5F /* HistoricViewController.swift */,
			);
			path = historic;
			sourceTree = "<group>";
		};
		CCA7D8CE20990334007F28DA /* cells */ = {
			isa = PBXGroup;
			children = (
				CC389BBA2098C72E00A67F5F /* HistoricTableViewCell.swift */,
			);
			path = cells;
			sourceTree = "<group>";
		};
		CCA7D8CF20990354007F28DA /* cells */ = {
			isa = PBXGroup;
			children = (
				CC389BAC2098B60300A67F5F /* GeneralTableViewCell.swift */,
				CC389BB02098B64C00A67F5F /* MedicineTableViewCell.swift */,
				CC389BB62098B68400A67F5F /* ProcedureTableViewCell.swift */,
			);
			path = cells;
			sourceTree = "<group>";
		};
		CCAE2C932091DC770013A6BE = {
			isa = PBXGroup;
			children = (
				CCAE2C9E2091DC780013A6BE /* VetCare */,
				CCAE2C9D2091DC780013A6BE /* Products */,
				DA5F86621566D3921ED5CA77 /* Pods */,
				3D28D4FE5C41EAF39E645C53 /* Frameworks */,
			);
			sourceTree = "<group>";
		};
		CCAE2C9D2091DC780013A6BE /* Products */ = {
			isa = PBXGroup;
			children = (
				CCAE2C9C2091DC780013A6BE /* VetCare.app */,
			);
			name = Products;
			sourceTree = "<group>";
		};
		CCAE2C9E2091DC780013A6BE /* VetCare */ = {
			isa = PBXGroup;
			children = (
				CC3D966D20B073B700A4B5A5 /* db */,
				CCA7D8C62099025E007F28DA /* tasklist */,
				CCA7D8C52099024A007F28DA /* pets */,
				CCA7D8C42099023A007F28DA /* main */,
				CCA7D8C320990213007F28DA /* login */,
				CCA7D8C1209901E5007F28DA /* calendar */,
				CC512E5020A30AA300A35FEC /* drive */,
				CCAE2C9F2091DC780013A6BE /* AppDelegate.swift */,
				CCC57FB020B31A7300B5957E /* PersistenceService.swift */,
				CCAE2CA32091DC780013A6BE /* Main.storyboard */,
				CCAE2CAB2091DC7A0013A6BE /* LaunchScreen.storyboard */,
				CCD976672096052300DD29D0 /* Assets.xcassets */,
				CCAE2CAE2091DC7A0013A6BE /* Info.plist */,
				CCAE2CA62091DC780013A6BE /* VetCare.xcdatamodeld */,
				CC16DEFC209496E7000E7F09 /* GoogleService-Info.plist */,
				CC389BAD2098B60300A67F5F /* GeneralTableViewCell.xib */,
				CC389BB12098B64C00A67F5F /* MedicineTableViewCell.xib */,
				CC389BB72098B68400A67F5F /* ProcedureTableViewCell.xib */,
				CC518725209C76F5001690AD /* square.png */,
			);
			path = VetCare;
			sourceTree = "<group>";
		};
		DA5F86621566D3921ED5CA77 /* Pods */ = {
			isa = PBXGroup;
			children = (
				C4A551B8F654B57AD40E520D /* Pods-VetCare.debug.xcconfig */,
				DC08787151D843D3FA13187F /* Pods-VetCare.release.xcconfig */,
			);
			name = Pods;
			sourceTree = "<group>";
		};
/* End PBXGroup section */

/* Begin PBXNativeTarget section */
		CCAE2C9B2091DC780013A6BE /* VetCare */ = {
			isa = PBXNativeTarget;
			buildConfigurationList = CCAE2CB12091DC7A0013A6BE /* Build configuration list for PBXNativeTarget "VetCare" */;
			buildPhases = (
				54DE4B4571BB0AF84FF3CAB9 /* [CP] Check Pods Manifest.lock */,
				CCAE2C982091DC780013A6BE /* Sources */,
				CCAE2C992091DC780013A6BE /* Frameworks */,
				CCAE2C9A2091DC780013A6BE /* Resources */,
				ED3F9B9E31830D635B796F6F /* [CP] Embed Pods Frameworks */,
				F7579AD7B7FD07F722B1243C /* [CP] Copy Pods Resources */,
			);
			buildRules = (
			);
			dependencies = (
			);
			name = VetCare;
			productName = VetCare;
			productReference = CCAE2C9C2091DC780013A6BE /* VetCare.app */;
			productType = "com.apple.product-type.application";
		};
/* End PBXNativeTarget section */

/* Begin PBXProject section */
		CCAE2C942091DC770013A6BE /* Project object */ = {
			isa = PBXProject;
			attributes = {
				LastSwiftUpdateCheck = 0930;
				LastUpgradeCheck = 0930;
				ORGANIZATIONNAME = raquelramos;
				TargetAttributes = {
					CCAE2C9B2091DC780013A6BE = {
						CreatedOnToolsVersion = 9.3;
					};
				};
			};
			buildConfigurationList = CCAE2C972091DC770013A6BE /* Build configuration list for PBXProject "VetCare" */;
			compatibilityVersion = "Xcode 9.3";
			developmentRegion = en;
			hasScannedForEncodings = 0;
			knownRegions = (
				en,
				Base,
			);
			mainGroup = CCAE2C932091DC770013A6BE;
			productRefGroup = CCAE2C9D2091DC780013A6BE /* Products */;
			projectDirPath = "";
			projectRoot = "";
			targets = (
				CCAE2C9B2091DC780013A6BE /* VetCare */,
			);
		};
/* End PBXProject section */

/* Begin PBXResourcesBuildPhase section */
		CCAE2C9A2091DC780013A6BE /* Resources */ = {
			isa = PBXResourcesBuildPhase;
			buildActionMask = 2147483647;
			files = (
				CCAE2CAD2091DC7A0013A6BE /* LaunchScreen.storyboard in Resources */,
				CC389BAF2098B60300A67F5F /* GeneralTableViewCell.xib in Resources */,
				CC389BB92098B68400A67F5F /* ProcedureTableViewCell.xib in Resources */,
				CC16DEFD209496E7000E7F09 /* GoogleService-Info.plist in Resources */,
				CCD976682096052300DD29D0 /* Assets.xcassets in Resources */,
				CCAE2CA52091DC780013A6BE /* Main.storyboard in Resources */,
				CC389BB32098B64C00A67F5F /* MedicineTableViewCell.xib in Resources */,
			);
			runOnlyForDeploymentPostprocessing = 0;
		};
/* End PBXResourcesBuildPhase section */

/* Begin PBXShellScriptBuildPhase section */
		54DE4B4571BB0AF84FF3CAB9 /* [CP] Check Pods Manifest.lock */ = {
			isa = PBXShellScriptBuildPhase;
			buildActionMask = 2147483647;
			files = (
			);
			inputPaths = (
				"${PODS_PODFILE_DIR_PATH}/Podfile.lock",
				"${PODS_ROOT}/Manifest.lock",
			);
			name = "[CP] Check Pods Manifest.lock";
			outputPaths = (
				"$(DERIVED_FILE_DIR)/Pods-VetCare-checkManifestLockResult.txt",
			);
			runOnlyForDeploymentPostprocessing = 0;
			shellPath = /bin/sh;
			shellScript = "diff \"${PODS_PODFILE_DIR_PATH}/Podfile.lock\" \"${PODS_ROOT}/Manifest.lock\" > /dev/null\nif [ $? != 0 ] ; then\n    # print error to STDERR\n    echo \"error: The sandbox is not in sync with the Podfile.lock. Run 'pod install' or update your CocoaPods installation.\" >&2\n    exit 1\nfi\n# This output is used by Xcode 'outputs' to avoid re-running this script phase.\necho \"SUCCESS\" > \"${SCRIPT_OUTPUT_FILE_0}\"\n";
			showEnvVarsInLog = 0;
		};
		ED3F9B9E31830D635B796F6F /* [CP] Embed Pods Frameworks */ = {
			isa = PBXShellScriptBuildPhase;
			buildActionMask = 2147483647;
			files = (
			);
			inputPaths = (
				"${SRCROOT}/Pods/Target Support Files/Pods-VetCare/Pods-VetCare-frameworks.sh",
				"${BUILT_PRODUCTS_DIR}/Charts/Charts.framework",
				"${BUILT_PRODUCTS_DIR}/GTMOAuth2/GTMOAuth2.framework",
				"${BUILT_PRODUCTS_DIR}/GTMSessionFetcher/GTMSessionFetcher.framework",
				"${BUILT_PRODUCTS_DIR}/GoogleAPIClientForREST/GoogleAPIClientForREST.framework",
				"${BUILT_PRODUCTS_DIR}/GoogleToolboxForMac/GoogleToolboxForMac.framework",
				"${PODS_ROOT}/KontaktSDK/Cocoapods/iOS/KontaktSDK.framework",
				"${BUILT_PRODUCTS_DIR}/MBCalendarKit/MBCalendarKit.framework",
				"${BUILT_PRODUCTS_DIR}/TPPDF/TPPDF.framework",
				"${BUILT_PRODUCTS_DIR}/nanopb/nanopb.framework",
			);
			name = "[CP] Embed Pods Frameworks";
			outputPaths = (
				"${TARGET_BUILD_DIR}/${FRAMEWORKS_FOLDER_PATH}/Charts.framework",
				"${TARGET_BUILD_DIR}/${FRAMEWORKS_FOLDER_PATH}/GTMOAuth2.framework",
				"${TARGET_BUILD_DIR}/${FRAMEWORKS_FOLDER_PATH}/GTMSessionFetcher.framework",
				"${TARGET_BUILD_DIR}/${FRAMEWORKS_FOLDER_PATH}/GoogleAPIClientForREST.framework",
				"${TARGET_BUILD_DIR}/${FRAMEWORKS_FOLDER_PATH}/GoogleToolboxForMac.framework",
				"${TARGET_BUILD_DIR}/${FRAMEWORKS_FOLDER_PATH}/KontaktSDK.framework",
				"${TARGET_BUILD_DIR}/${FRAMEWORKS_FOLDER_PATH}/MBCalendarKit.framework",
				"${TARGET_BUILD_DIR}/${FRAMEWORKS_FOLDER_PATH}/TPPDF.framework",
				"${TARGET_BUILD_DIR}/${FRAMEWORKS_FOLDER_PATH}/nanopb.framework",
			);
			runOnlyForDeploymentPostprocessing = 0;
			shellPath = /bin/sh;
			shellScript = "\"${SRCROOT}/Pods/Target Support Files/Pods-VetCare/Pods-VetCare-frameworks.sh\"\n";
			showEnvVarsInLog = 0;
		};
		F7579AD7B7FD07F722B1243C /* [CP] Copy Pods Resources */ = {
			isa = PBXShellScriptBuildPhase;
			buildActionMask = 2147483647;
			files = (
			);
			inputPaths = (
				"${SRCROOT}/Pods/Target Support Files/Pods-VetCare/Pods-VetCare-resources.sh",
				"${PODS_ROOT}/GoogleSignIn/Resources/GoogleSignIn.bundle",
			);
			name = "[CP] Copy Pods Resources";
			outputPaths = (
				"${TARGET_BUILD_DIR}/${UNLOCALIZED_RESOURCES_FOLDER_PATH}/GoogleSignIn.bundle",
			);
			runOnlyForDeploymentPostprocessing = 0;
			shellPath = /bin/sh;
			shellScript = "\"${SRCROOT}/Pods/Target Support Files/Pods-VetCare/Pods-VetCare-resources.sh\"\n";
			showEnvVarsInLog = 0;
		};
/* End PBXShellScriptBuildPhase section */

/* Begin PBXSourcesBuildPhase section */
		CCAE2C982091DC780013A6BE /* Sources */ = {
			isa = PBXSourcesBuildPhase;
			buildActionMask = 2147483647;
			files = (
				CC0540142094DBDA00C39CC6 /* AnimalsViewController.swift in Sources */,
				CC06903C209E227400CBD8D4 /* DischargeViewController.swift in Sources */,
				CC79531620B46D420057644A /* Historic+CoreDataClass.swift in Sources */,
				CC33934420C48DAD0016161C /* LogOutViewController.swift in Sources */,
				CC941B402093D1890097EDA9 /* LoginViewController.swift in Sources */,
				CC389BBF2098CD0400A67F5F /* TaskListTableViewCell.swift in Sources */,
				CC06903A209E226700CBD8D4 /* SendMessageViewController.swift in Sources */,
				CCD9766C209617D500DD29D0 /* AddAnimalViewController.swift in Sources */,
				CC389B992098A5A600A67F5F /* HistoricViewController.swift in Sources */,
				CC942F7D2097644400CAC241 /* ProfileTableViewCell.swift in Sources */,
				CC79531A20B46D420057644A /* Procedure+CoreDataClass.swift in Sources */,
				CCC57FB120B31A7300B5957E /* PersistenceService.swift in Sources */,
				CC02E66F20A8EC4D007CC3C0 /* VitalSignsViewController.swift in Sources */,
				CC0540162094DC9400C39CC6 /* AnimalViewCell.swift in Sources */,
				CC389BB82098B68400A67F5F /* ProcedureTableViewCell.swift in Sources */,
				CC79531420B46D420057644A /* Internment+CoreDataClass.swift in Sources */,
				CC389B952098A57B00A67F5F /* GeneralInfoViewController.swift in Sources */,
				CC79531C20B46D420057644A /* Animal+CoreDataClass.swift in Sources */,
				CC389BAE2098B60300A67F5F /* GeneralTableViewCell.swift in Sources */,
				CC28E564209B473900F1ADCE /* CalendarUIViewController.swift in Sources */,
				CC79531720B46D420057644A /* Historic+CoreDataProperties.swift in Sources */,
				CC79531F20B46D420057644A /* Medicine+CoreDataProperties.swift in Sources */,
				CC79531E20B46D420057644A /* Medicine+CoreDataClass.swift in Sources */,
				CC79531520B46D420057644A /* Internment+CoreDataProperties.swift in Sources */,
				CCAE2CA82091DC780013A6BE /* VetCare.xcdatamodeld in Sources */,
				CC389BB22098B64C00A67F5F /* MedicineTableViewCell.swift in Sources */,
				CC389B972098A59600A67F5F /* HospitalisationViewController.swift in Sources */,
				CC518722209C54F2001690AD /* QRCodeViewController.swift in Sources */,
				CCD9766A209617B800DD29D0 /* ProfileViewController.swift in Sources */,
				CC79531D20B46D420057644A /* Animal+CoreDataProperties.swift in Sources */,
				CCAE2CB52091E22A0013A6BE /* MainController.swift in Sources */,
				CC389BBB2098C72E00A67F5F /* HistoricTableViewCell.swift in Sources */,
				CC389BBD2098CA0600A67F5F /* TaskListViewController.swift in Sources */,
				CC79531B20B46D420057644A /* Procedure+CoreDataProperties.swift in Sources */,
				CCAE2CA02091DC780013A6BE /* AppDelegate.swift in Sources */,
				CC79531820B46D420057644A /* Owner+CoreDataClass.swift in Sources */,
				CC512E5220A30B3300A35FEC /* DriveViewController.swift in Sources */,
				CC79531920B46D420057644A /* Owner+CoreDataProperties.swift in Sources */,
			);
			runOnlyForDeploymentPostprocessing = 0;
		};
/* End PBXSourcesBuildPhase section */

/* Begin PBXVariantGroup section */
		CCAE2CA32091DC780013A6BE /* Main.storyboard */ = {
			isa = PBXVariantGroup;
			children = (
				CCAE2CA42091DC780013A6BE /* Base */,
			);
			name = Main.storyboard;
			sourceTree = "<group>";
		};
		CCAE2CAB2091DC7A0013A6BE /* LaunchScreen.storyboard */ = {
			isa = PBXVariantGroup;
			children = (
				CCAE2CAC2091DC7A0013A6BE /* Base */,
			);
			name = LaunchScreen.storyboard;
			sourceTree = "<group>";
		};
/* End PBXVariantGroup section */

/* Begin XCBuildConfiguration section */
		CCAE2CAF2091DC7A0013A6BE /* Debug */ = {
			isa = XCBuildConfiguration;
			buildSettings = {
				ALWAYS_SEARCH_USER_PATHS = NO;
				CLANG_ANALYZER_NONNULL = YES;
				CLANG_ANALYZER_NUMBER_OBJECT_CONVERSION = YES_AGGRESSIVE;
				CLANG_CXX_LANGUAGE_STANDARD = "gnu++14";
				CLANG_CXX_LIBRARY = "libc++";
				CLANG_ENABLE_MODULES = YES;
				CLANG_ENABLE_OBJC_ARC = YES;
				CLANG_ENABLE_OBJC_WEAK = YES;
				CLANG_WARN_BLOCK_CAPTURE_AUTORELEASING = YES;
				CLANG_WARN_BOOL_CONVERSION = YES;
				CLANG_WARN_COMMA = YES;
				CLANG_WARN_CONSTANT_CONVERSION = YES;
				CLANG_WARN_DEPRECATED_OBJC_IMPLEMENTATIONS = YES;
				CLANG_WARN_DIRECT_OBJC_ISA_USAGE = YES_ERROR;
				CLANG_WARN_DOCUMENTATION_COMMENTS = YES;
				CLANG_WARN_EMPTY_BODY = YES;
				CLANG_WARN_ENUM_CONVERSION = YES;
				CLANG_WARN_INFINITE_RECURSION = YES;
				CLANG_WARN_INT_CONVERSION = YES;
				CLANG_WARN_NON_LITERAL_NULL_CONVERSION = YES;
				CLANG_WARN_OBJC_IMPLICIT_RETAIN_SELF = YES;
				CLANG_WARN_OBJC_LITERAL_CONVERSION = YES;
				CLANG_WARN_OBJC_ROOT_CLASS = YES_ERROR;
				CLANG_WARN_RANGE_LOOP_ANALYSIS = YES;
				CLANG_WARN_STRICT_PROTOTYPES = YES;
				CLANG_WARN_SUSPICIOUS_MOVE = YES;
				CLANG_WARN_UNGUARDED_AVAILABILITY = YES_AGGRESSIVE;
				CLANG_WARN_UNREACHABLE_CODE = YES;
				CLANG_WARN__DUPLICATE_METHOD_MATCH = YES;
				CODE_SIGN_IDENTITY = "iPhone Developer";
				COPY_PHASE_STRIP = NO;
				DEBUG_INFORMATION_FORMAT = dwarf;
				ENABLE_STRICT_OBJC_MSGSEND = YES;
				ENABLE_TESTABILITY = YES;
				GCC_C_LANGUAGE_STANDARD = gnu11;
				GCC_DYNAMIC_NO_PIC = NO;
				GCC_NO_COMMON_BLOCKS = YES;
				GCC_OPTIMIZATION_LEVEL = 0;
				GCC_PREPROCESSOR_DEFINITIONS = (
					"DEBUG=1",
					"$(inherited)",
				);
				GCC_WARN_64_TO_32_BIT_CONVERSION = YES;
				GCC_WARN_ABOUT_RETURN_TYPE = YES_ERROR;
				GCC_WARN_UNDECLARED_SELECTOR = YES;
				GCC_WARN_UNINITIALIZED_AUTOS = YES_AGGRESSIVE;
				GCC_WARN_UNUSED_FUNCTION = YES;
				GCC_WARN_UNUSED_VARIABLE = YES;
				IPHONEOS_DEPLOYMENT_TARGET = 11.3;
				MTL_ENABLE_DEBUG_INFO = YES;
				ONLY_ACTIVE_ARCH = YES;
				SDKROOT = iphoneos;
				SWIFT_ACTIVE_COMPILATION_CONDITIONS = DEBUG;
				SWIFT_OPTIMIZATION_LEVEL = "-Onone";
			};
			name = Debug;
		};
		CCAE2CB02091DC7A0013A6BE /* Release */ = {
			isa = XCBuildConfiguration;
			buildSettings = {
				ALWAYS_SEARCH_USER_PATHS = NO;
				CLANG_ANALYZER_NONNULL = YES;
				CLANG_ANALYZER_NUMBER_OBJECT_CONVERSION = YES_AGGRESSIVE;
				CLANG_CXX_LANGUAGE_STANDARD = "gnu++14";
				CLANG_CXX_LIBRARY = "libc++";
				CLANG_ENABLE_MODULES = YES;
				CLANG_ENABLE_OBJC_ARC = YES;
				CLANG_ENABLE_OBJC_WEAK = YES;
				CLANG_WARN_BLOCK_CAPTURE_AUTORELEASING = YES;
				CLANG_WARN_BOOL_CONVERSION = YES;
				CLANG_WARN_COMMA = YES;
				CLANG_WARN_CONSTANT_CONVERSION = YES;
				CLANG_WARN_DEPRECATED_OBJC_IMPLEMENTATIONS = YES;
				CLANG_WARN_DIRECT_OBJC_ISA_USAGE = YES_ERROR;
				CLANG_WARN_DOCUMENTATION_COMMENTS = YES;
				CLANG_WARN_EMPTY_BODY = YES;
				CLANG_WARN_ENUM_CONVERSION = YES;
				CLANG_WARN_INFINITE_RECURSION = YES;
				CLANG_WARN_INT_CONVERSION = YES;
				CLANG_WARN_NON_LITERAL_NULL_CONVERSION = YES;
				CLANG_WARN_OBJC_IMPLICIT_RETAIN_SELF = YES;
				CLANG_WARN_OBJC_LITERAL_CONVERSION = YES;
				CLANG_WARN_OBJC_ROOT_CLASS = YES_ERROR;
				CLANG_WARN_RANGE_LOOP_ANALYSIS = YES;
				CLANG_WARN_STRICT_PROTOTYPES = YES;
				CLANG_WARN_SUSPICIOUS_MOVE = YES;
				CLANG_WARN_UNGUARDED_AVAILABILITY = YES_AGGRESSIVE;
				CLANG_WARN_UNREACHABLE_CODE = YES;
				CLANG_WARN__DUPLICATE_METHOD_MATCH = YES;
				CODE_SIGN_IDENTITY = "iPhone Developer";
				COPY_PHASE_STRIP = NO;
				DEBUG_INFORMATION_FORMAT = "dwarf-with-dsym";
				ENABLE_NS_ASSERTIONS = NO;
				ENABLE_STRICT_OBJC_MSGSEND = YES;
				GCC_C_LANGUAGE_STANDARD = gnu11;
				GCC_NO_COMMON_BLOCKS = YES;
				GCC_WARN_64_TO_32_BIT_CONVERSION = YES;
				GCC_WARN_ABOUT_RETURN_TYPE = YES_ERROR;
				GCC_WARN_UNDECLARED_SELECTOR = YES;
				GCC_WARN_UNINITIALIZED_AUTOS = YES_AGGRESSIVE;
				GCC_WARN_UNUSED_FUNCTION = YES;
				GCC_WARN_UNUSED_VARIABLE = YES;
				IPHONEOS_DEPLOYMENT_TARGET = 11.3;
				MTL_ENABLE_DEBUG_INFO = NO;
				SDKROOT = iphoneos;
				SWIFT_COMPILATION_MODE = wholemodule;
				SWIFT_OPTIMIZATION_LEVEL = "-O";
				VALIDATE_PRODUCT = YES;
			};
			name = Release;
		};
		CCAE2CB22091DC7A0013A6BE /* Debug */ = {
			isa = XCBuildConfiguration;
			baseConfigurationReference = C4A551B8F654B57AD40E520D /* Pods-VetCare.debug.xcconfig */;
			buildSettings = {
				ASSETCATALOG_COMPILER_APPICON_NAME = AppIcon;
				CODE_SIGN_STYLE = Automatic;
				DEVELOPMENT_TEAM = PHQ37KZRYM;
				INFOPLIST_FILE = VetCare/Info.plist;
				IPHONEOS_DEPLOYMENT_TARGET = 10.3;
				LD_RUNPATH_SEARCH_PATHS = (
					"$(inherited)",
					"@executable_path/Frameworks",
				);
				PRODUCT_BUNDLE_IDENTIFIER = ua.VetCare;
				PRODUCT_NAME = "$(TARGET_NAME)";
				SWIFT_VERSION = 4.0;
				TARGETED_DEVICE_FAMILY = "1,2";
			};
			name = Debug;
		};
		CCAE2CB32091DC7A0013A6BE /* Release */ = {
			isa = XCBuildConfiguration;
			baseConfigurationReference = DC08787151D843D3FA13187F /* Pods-VetCare.release.xcconfig */;
			buildSettings = {
				ASSETCATALOG_COMPILER_APPICON_NAME = AppIcon;
				CODE_SIGN_STYLE = Automatic;
				DEVELOPMENT_TEAM = PHQ37KZRYM;
				INFOPLIST_FILE = VetCare/Info.plist;
				IPHONEOS_DEPLOYMENT_TARGET = 10.3;
				LD_RUNPATH_SEARCH_PATHS = (
					"$(inherited)",
					"@executable_path/Frameworks",
				);
				PRODUCT_BUNDLE_IDENTIFIER = ua.VetCare;
				PRODUCT_NAME = "$(TARGET_NAME)";
				SWIFT_VERSION = 4.0;
				TARGETED_DEVICE_FAMILY = "1,2";
			};
			name = Release;
		};
/* End XCBuildConfiguration section */

/* Begin XCConfigurationList section */
		CCAE2C972091DC770013A6BE /* Build configuration list for PBXProject "VetCare" */ = {
			isa = XCConfigurationList;
			buildConfigurations = (
				CCAE2CAF2091DC7A0013A6BE /* Debug */,
				CCAE2CB02091DC7A0013A6BE /* Release */,
			);
			defaultConfigurationIsVisible = 0;
			defaultConfigurationName = Release;
		};
		CCAE2CB12091DC7A0013A6BE /* Build configuration list for PBXNativeTarget "VetCare" */ = {
			isa = XCConfigurationList;
			buildConfigurations = (
				CCAE2CB22091DC7A0013A6BE /* Debug */,
				CCAE2CB32091DC7A0013A6BE /* Release */,
			);
			defaultConfigurationIsVisible = 0;
			defaultConfigurationName = Release;
		};
/* End XCConfigurationList section */

/* Begin XCVersionGroup section */
		CCAE2CA62091DC780013A6BE /* VetCare.xcdatamodeld */ = {
			isa = XCVersionGroup;
			children = (
				CCAE2CA72091DC780013A6BE /* VetCare.xcdatamodel */,
			);
			currentVersion = CCAE2CA72091DC780013A6BE /* VetCare.xcdatamodel */;
			path = VetCare.xcdatamodeld;
			sourceTree = "<group>";
			versionGroupType = wrapper.xcdatamodel;
		};
/* End XCVersionGroup section */
	};
	rootObject = CCAE2C942091DC770013A6BE /* Project object */;
}
